// !$*UTF8*$!
{
	archiveVersion = 1;
	classes = {
	};
	objectVersion = 46;
	objects = {

/* Begin PBXBuildFile section */
		D000FAA01696EBD6007C3E88 /* tabbarBackgroud@2x.png in Resources */ = {isa = PBXBuildFile; fileRef = D000FA9F1696EBD6007C3E88 /* tabbarBackgroud@2x.png */; };
		D000FAA41696F476007C3E88 /* foodlistButton@2x.png in Resources */ = {isa = PBXBuildFile; fileRef = D000FAA21696F476007C3E88 /* foodlistButton@2x.png */; };
		D000FAA51696F476007C3E88 /* foodlistButtonSelected@2x.png in Resources */ = {isa = PBXBuildFile; fileRef = D000FAA31696F476007C3E88 /* foodlistButtonSelected@2x.png */; };
		D003234616AF73BA00F4DABB /* Category.m in Sources */ = {isa = PBXBuildFile; fileRef = D003234516AF73BA00F4DABB /* Category.m */; };
		D003234916AF807F00F4DABB /* Recipe.m in Sources */ = {isa = PBXBuildFile; fileRef = D003234816AF807F00F4DABB /* Recipe.m */; };
		D003236C16AFC8C900F4DABB /* RecipeTableViewCell.m in Sources */ = {isa = PBXBuildFile; fileRef = D003236B16AFC8C900F4DABB /* RecipeTableViewCell.m */; };
		D003EED316A566E90082B35C /* UINavigationBar+Customized.m in Sources */ = {isa = PBXBuildFile; fileRef = D003EED216A566E90082B35C /* UINavigationBar+Customized.m */; };
		D003EED616A567130082B35C /* MyNavigationBar.m in Sources */ = {isa = PBXBuildFile; fileRef = D003EED516A567130082B35C /* MyNavigationBar.m */; };
		D018C67216EF714F001EB2C9 /* MyBMKPointAnnotation.m in Sources */ = {isa = PBXBuildFile; fileRef = D018C67116EF714F001EB2C9 /* MyBMKPointAnnotation.m */; };
		D01C2FA8169AA5EE0071FA43 /* orderListButton@2x.png in Resources */ = {isa = PBXBuildFile; fileRef = D01C2FA2169AA5EE0071FA43 /* orderListButton@2x.png */; };
		D01C2FA9169AA5EE0071FA43 /* orderListButtonSelected@2x.png in Resources */ = {isa = PBXBuildFile; fileRef = D01C2FA3169AA5EE0071FA43 /* orderListButtonSelected@2x.png */; };
		D01C2FAA169AA5EE0071FA43 /* payButtonSelected@2x.png in Resources */ = {isa = PBXBuildFile; fileRef = D01C2FA4169AA5EE0071FA43 /* payButtonSelected@2x.png */; };
		D01C2FAB169AA5EE0071FA43 /* payButton@2x.png in Resources */ = {isa = PBXBuildFile; fileRef = D01C2FA5169AA5EE0071FA43 /* payButton@2x.png */; };
		D01C2FAC169AA5EE0071FA43 /* waiterButtonSelected@2x.png in Resources */ = {isa = PBXBuildFile; fileRef = D01C2FA6169AA5EE0071FA43 /* waiterButtonSelected@2x.png */; };
		D01C2FAD169AA5EE0071FA43 /* waiterButton@2x.png in Resources */ = {isa = PBXBuildFile; fileRef = D01C2FA7169AA5EE0071FA43 /* waiterButton@2x.png */; };
		D01FDC9A16EF87DF00B14827 /* RestaurantResultController.m in Sources */ = {isa = PBXBuildFile; fileRef = D01FDC9916EF87DF00B14827 /* RestaurantResultController.m */; };
		D01FDC9C16EF9D1000B14827 /* navRightBtnHL.png in Resources */ = {isa = PBXBuildFile; fileRef = D01FDC9B16EF9D1000B14827 /* navRightBtnHL.png */; };
		D02EA0E316ACAD8A00A11EFD /* mapsNearButton@2x.png in Resources */ = {isa = PBXBuildFile; fileRef = D02EA0E216ACAD8A00A11EFD /* mapsNearButton@2x.png */; };
		D02EA0EE16ACDB3A00A11EFD /* restaurantTableCellBg@2x.png in Resources */ = {isa = PBXBuildFile; fileRef = D02EA0ED16ACDB3A00A11EFD /* restaurantTableCellBg@2x.png */; };
		D02EA0F016ACEB7600A11EFD /* mapTableViewBg.png in Resources */ = {isa = PBXBuildFile; fileRef = D02EA0EF16ACEB7600A11EFD /* mapTableViewBg.png */; };
		D040FA4B1694044B00B86C94 /* navButton.png in Resources */ = {isa = PBXBuildFile; fileRef = D040FA4A1694044B00B86C94 /* navButton.png */; };
		D040FA5E169441DC00B86C94 /* foodlistTabButtonUnSelect@2x.png in Resources */ = {isa = PBXBuildFile; fileRef = D040FA5C169441DB00B86C94 /* foodlistTabButtonUnSelect@2x.png */; };
		D04852DC16B364C300A6A097 /* TextAlertView.m in Sources */ = {isa = PBXBuildFile; fileRef = D04852DB16B364C300A6A097 /* TextAlertView.m */; };
		D049A92116E6F6A500A068D6 /* appIcon@2x.png in Resources */ = {isa = PBXBuildFile; fileRef = D049A92016E6F6A500A068D6 /* appIcon@2x.png */; };
		D04D2F3B16A592DD00CB10D2 /* Restaurant.m in Sources */ = {isa = PBXBuildFile; fileRef = D04D2F3A16A592DD00CB10D2 /* Restaurant.m */; };
		D05537A916A6B3AE00160BB7 /* RestaurantUser.m in Sources */ = {isa = PBXBuildFile; fileRef = D05537A816A6B3AE00160BB7 /* RestaurantUser.m */; };
		D06B9D7016AA174A00D9C826 /* mapapi.bundle in Resources */ = {isa = PBXBuildFile; fileRef = D06B9D6F16AA174A00D9C826 /* mapapi.bundle */; };
		D06B9D7516AA1AB600D9C826 /* CoreLocation.framework in Frameworks */ = {isa = PBXBuildFile; fileRef = D06B9D7416AA1AB600D9C826 /* CoreLocation.framework */; };
		D06B9D7716AA1ABF00D9C826 /* QuartzCore.framework in Frameworks */ = {isa = PBXBuildFile; fileRef = D06B9D7616AA1ABF00D9C826 /* QuartzCore.framework */; };
		D06B9D7916AA240700D9C826 /* navRightBtn.png in Resources */ = {isa = PBXBuildFile; fileRef = D06B9D7816AA240700D9C826 /* navRightBtn.png */; };
		D07201ED16E16D5900DD5636 /* categoryTableViewBg@2x.png in Resources */ = {isa = PBXBuildFile; fileRef = D07201EC16E16D5900DD5636 /* categoryTableViewBg@2x.png */; };
		D07201F116E1919900DD5636 /* categoryTablecellSelectBg@2x.png in Resources */ = {isa = PBXBuildFile; fileRef = D07201F016E1919900DD5636 /* categoryTablecellSelectBg@2x.png */; };
		D07BB1681693CEE30048716D /* CustomizedNavBarBg.png in Resources */ = {isa = PBXBuildFile; fileRef = D07BB1661693CEE30048716D /* CustomizedNavBarBg.png */; };
		D07BB1691693CEE30048716D /* CustomizedNavBarBg@2x.png in Resources */ = {isa = PBXBuildFile; fileRef = D07BB1671693CEE30048716D /* CustomizedNavBarBg@2x.png */; };
		D084CB7A16DE58CF0076D74F /* BadgeButton.m in Sources */ = {isa = PBXBuildFile; fileRef = D084CB7916DE58CF0076D74F /* BadgeButton.m */; };
		D084CB7E16DE63260076D74F /* labelCount@2x.png in Resources */ = {isa = PBXBuildFile; fileRef = D084CB7D16DE63260076D74F /* labelCount@2x.png */; };
		D085E04316B3A25300CD08AE /* alertViewBg@2x.png in Resources */ = {isa = PBXBuildFile; fileRef = D085E04216B3A25300CD08AE /* alertViewBg@2x.png */; };
		D085E04A16B3B7CF00CD08AE /* codeScanBtn@2x.png in Resources */ = {isa = PBXBuildFile; fileRef = D085E04916B3B7CF00CD08AE /* codeScanBtn@2x.png */; };
		D085E04C16B3C04800CD08AE /* alertYesNoBtn@2x.png in Resources */ = {isa = PBXBuildFile; fileRef = D085E04B16B3C04800CD08AE /* alertYesNoBtn@2x.png */; };
		D085E10816B403A100CD08AE /* libzbar.a in Frameworks */ = {isa = PBXBuildFile; fileRef = D085E10216B403A100CD08AE /* libzbar.a */; };
		D085E10916B403A100CD08AE /* zbar-back.png in Resources */ = {isa = PBXBuildFile; fileRef = D085E10416B403A100CD08AE /* zbar-back.png */; };
		D085E10A16B403A100CD08AE /* zbar-help.html in Resources */ = {isa = PBXBuildFile; fileRef = D085E10516B403A100CD08AE /* zbar-help.html */; };
		D085E10B16B403A100CD08AE /* zbar-helpicons.png in Resources */ = {isa = PBXBuildFile; fileRef = D085E10616B403A100CD08AE /* zbar-helpicons.png */; };
		D085E10C16B403A100CD08AE /* zbar-samples.png in Resources */ = {isa = PBXBuildFile; fileRef = D085E10716B403A100CD08AE /* zbar-samples.png */; };
		D085E10E16B403BA00CD08AE /* CoreMedia.framework in Frameworks */ = {isa = PBXBuildFile; fileRef = D085E08116B3F8C000CD08AE /* CoreMedia.framework */; };
		D085E10F16B403BA00CD08AE /* CoreVideo.framework in Frameworks */ = {isa = PBXBuildFile; fileRef = D085E08216B3F8C000CD08AE /* CoreVideo.framework */; };
		D085E11016B403D200CD08AE /* libiconv.dylib in Frameworks */ = {isa = PBXBuildFile; fileRef = D085E07F16B3F88F00CD08AE /* libiconv.dylib */; };
		D085E11216B4040900CD08AE /* AVFoundation.framework in Frameworks */ = {isa = PBXBuildFile; fileRef = D085E11116B4040900CD08AE /* AVFoundation.framework */; };
		D085E11516B40D1600CD08AE /* MyZBarReaderViewController.m in Sources */ = {isa = PBXBuildFile; fileRef = D085E11416B40D1600CD08AE /* MyZBarReaderViewController.m */; };
		D08D188D1696899D00398B90 /* MyTabBarController.m in Sources */ = {isa = PBXBuildFile; fileRef = D08D188C1696899D00398B90 /* MyTabBarController.m */; };
		D08D189016968A6300398B90 /* TabView.m in Sources */ = {isa = PBXBuildFile; fileRef = D08D188F16968A6300398B90 /* TabView.m */; };
		D0A78A9216EDA027004123B9 /* RecipeSearchControllerViewController.m in Sources */ = {isa = PBXBuildFile; fileRef = D0A78A9116EDA027004123B9 /* RecipeSearchControllerViewController.m */; };
		D0B1E1A81692DAAE00FF07FC /* UIKit.framework in Frameworks */ = {isa = PBXBuildFile; fileRef = D0B1E1A71692DAAE00FF07FC /* UIKit.framework */; };
		D0B1E1AA1692DAAE00FF07FC /* Foundation.framework in Frameworks */ = {isa = PBXBuildFile; fileRef = D0B1E1A91692DAAE00FF07FC /* Foundation.framework */; };
		D0B1E1AC1692DAAE00FF07FC /* CoreGraphics.framework in Frameworks */ = {isa = PBXBuildFile; fileRef = D0B1E1AB1692DAAE00FF07FC /* CoreGraphics.framework */; };
		D0B1E1B21692DAAE00FF07FC /* InfoPlist.strings in Resources */ = {isa = PBXBuildFile; fileRef = D0B1E1B01692DAAE00FF07FC /* InfoPlist.strings */; };
		D0B1E1B41692DAAE00FF07FC /* main.m in Sources */ = {isa = PBXBuildFile; fileRef = D0B1E1B31692DAAE00FF07FC /* main.m */; };
		D0B1E1E01692DB6D00FF07FC /* AppDelegate.m in Sources */ = {isa = PBXBuildFile; fileRef = D0B1E1DF1692DB6D00FF07FC /* AppDelegate.m */; };
		D0B1E1F41692DBE400FF07FC /* first.png in Resources */ = {isa = PBXBuildFile; fileRef = D0B1E1ED1692DBE400FF07FC /* first.png */; };
		D0B1E1F51692DBE400FF07FC /* first@2x.png in Resources */ = {isa = PBXBuildFile; fileRef = D0B1E1EE1692DBE400FF07FC /* first@2x.png */; };
		D0B1E1F61692DBE400FF07FC /* second.png in Resources */ = {isa = PBXBuildFile; fileRef = D0B1E1EF1692DBE400FF07FC /* second.png */; };
		D0B1E1F71692DBE400FF07FC /* second@2x.png in Resources */ = {isa = PBXBuildFile; fileRef = D0B1E1F01692DBE400FF07FC /* second@2x.png */; };
		D0B1E1FB1692DC9B00FF07FC /* Default-568h@2x.png in Resources */ = {isa = PBXBuildFile; fileRef = D0B1E1F81692DC9B00FF07FC /* Default-568h@2x.png */; };
		D0B1E1FC1692DC9B00FF07FC /* Default.png in Resources */ = {isa = PBXBuildFile; fileRef = D0B1E1F91692DC9B00FF07FC /* Default.png */; };
		D0B1E1FD1692DC9B00FF07FC /* Default@2x.png in Resources */ = {isa = PBXBuildFile; fileRef = D0B1E1FA1692DC9B00FF07FC /* Default@2x.png */; };
		D0C1F8DD169E7CA30080A9FE /* navBackButton@2x.png in Resources */ = {isa = PBXBuildFile; fileRef = D0C1F8DC169E7CA30080A9FE /* navBackButton@2x.png */; };
		D0C4E2E416EE0C2100DDA0AC /* searchResultCellBg.png in Resources */ = {isa = PBXBuildFile; fileRef = D0C4E2E316EE0C2100DDA0AC /* searchResultCellBg.png */; };
		D0C627E516B0E82F00B57684 /* imageWaiting@2x.png in Resources */ = {isa = PBXBuildFile; fileRef = D0C627E416B0E82F00B57684 /* imageWaiting@2x.png */; };
		D0C627E816B1032200B57684 /* imageZoomBg@2x.png in Resources */ = {isa = PBXBuildFile; fileRef = D0C627E716B1032200B57684 /* imageZoomBg@2x.png */; };
		D0C627EA16B122FC00B57684 /* recipeTableViewBg.png in Resources */ = {isa = PBXBuildFile; fileRef = D0C627E916B122FC00B57684 /* recipeTableViewBg.png */; };
		D0C627F016B1310300B57684 /* restaurantTableHeadBg@2x.png in Resources */ = {isa = PBXBuildFile; fileRef = D0C627EF16B1310300B57684 /* restaurantTableHeadBg@2x.png */; };
		D0D389DE16E4791C0036F2D6 /* MyAlertView.m in Sources */ = {isa = PBXBuildFile; fileRef = D0D389DD16E4791B0036F2D6 /* MyAlertView.m */; };
		D0DB06A116B2846C0071945A /* Order.m in Sources */ = {isa = PBXBuildFile; fileRef = D0DB06A016B2846C0071945A /* Order.m */; };
		D0DB06A516B2872A0071945A /* Desk.m in Sources */ = {isa = PBXBuildFile; fileRef = D0DB06A416B2872A0071945A /* Desk.m */; };
		D0DB06AC16B29C5F0071945A /* OrderItem.m in Sources */ = {isa = PBXBuildFile; fileRef = D0DB06AB16B29C5E0071945A /* OrderItem.m */; };
		D0E4D55316B4D9CA0030BEBD /* removeRecipeBtn@2x.png in Resources */ = {isa = PBXBuildFile; fileRef = D0E4D55116B4D9CA0030BEBD /* removeRecipeBtn@2x.png */; };
		D0E4D55416B4D9CA0030BEBD /* addRecipeBtn@2x.png in Resources */ = {isa = PBXBuildFile; fileRef = D0E4D55216B4D9CA0030BEBD /* addRecipeBtn@2x.png */; };
		D0E5ED8E16E01428003F6F8F /* CategoryTableViewController.m in Sources */ = {isa = PBXBuildFile; fileRef = D0E5ED8D16E01428003F6F8F /* CategoryTableViewController.m */; };
		D0E7741D16A0B5FA005764D8 /* CustomizedNavBg@2x.png in Resources */ = {isa = PBXBuildFile; fileRef = D0E7741C16A0B5FA005764D8 /* CustomizedNavBg@2x.png */; };
		D0E7742016A0B6DF005764D8 /* CustomizedTabBg@2x.png in Resources */ = {isa = PBXBuildFile; fileRef = D0E7741F16A0B6DF005764D8 /* CustomizedTabBg@2x.png */; };
		D0F3514D16CE27F900C327C9 /* refreshOrder.png in Resources */ = {isa = PBXBuildFile; fileRef = D0F3514C16CE27F900C327C9 /* refreshOrder.png */; };
		D0F3EE2E16AB7D67004628C4 /* dcs.jpg in Resources */ = {isa = PBXBuildFile; fileRef = D0F3EE2D16AB7D67004628C4 /* dcs.jpg */; };
		D0F7858616E2FAE900F074BB /* WaiterViewController.m in Sources */ = {isa = PBXBuildFile; fileRef = D0F7858516E2FAE900F074BB /* WaiterViewController.m */; };
		D0F8DEB316A57E9C0043160A /* FoodListController.m in Sources */ = {isa = PBXBuildFile; fileRef = D0F8DEB216A57E9C0043160A /* FoodListController.m */; };
		D0F8DEB616A57EDB0043160A /* OrderListController.m in Sources */ = {isa = PBXBuildFile; fileRef = D0F8DEB516A57EDB0043160A /* OrderListController.m */; };
		D0F8DEB916A57EFB0043160A /* RestaurantController.mm in Sources */ = {isa = PBXBuildFile; fileRef = D0F8DEB816A57EFB0043160A /* RestaurantController.mm */; };
		D0F8DEBC16A57F050043160A /* MainViewController.m in Sources */ = {isa = PBXBuildFile; fileRef = D0F8DEBB16A57F050043160A /* MainViewController.m */; };
		D0F8DEE016A584C60043160A /* AFHTTPClient.m in Sources */ = {isa = PBXBuildFile; fileRef = D0F8DECC16A584C60043160A /* AFHTTPClient.m */; settings = {COMPILER_FLAGS = "-fobjc-arc"; }; };
		D0F8DEE116A584C60043160A /* AFHTTPRequestOperation.m in Sources */ = {isa = PBXBuildFile; fileRef = D0F8DECE16A584C60043160A /* AFHTTPRequestOperation.m */; settings = {COMPILER_FLAGS = "-fobjc-arc"; }; };
		D0F8DEE216A584C60043160A /* AFImageRequestOperation.m in Sources */ = {isa = PBXBuildFile; fileRef = D0F8DED016A584C60043160A /* AFImageRequestOperation.m */; settings = {COMPILER_FLAGS = "-fobjc-arc"; }; };
		D0F8DEE316A584C60043160A /* AFJSONRequestOperation.m in Sources */ = {isa = PBXBuildFile; fileRef = D0F8DED216A584C60043160A /* AFJSONRequestOperation.m */; settings = {COMPILER_FLAGS = "-fobjc-arc"; }; };
		D0F8DEE516A584C60043160A /* AFNetworkActivityIndicatorManager.m in Sources */ = {isa = PBXBuildFile; fileRef = D0F8DED616A584C60043160A /* AFNetworkActivityIndicatorManager.m */; settings = {COMPILER_FLAGS = "-fobjc-arc"; }; };
		D0F8DEE616A584C60043160A /* AFPropertyListRequestOperation.m in Sources */ = {isa = PBXBuildFile; fileRef = D0F8DED916A584C60043160A /* AFPropertyListRequestOperation.m */; settings = {COMPILER_FLAGS = "-fobjc-arc"; }; };
		D0F8DEE716A584C60043160A /* AFURLConnectionOperation.m in Sources */ = {isa = PBXBuildFile; fileRef = D0F8DEDB16A584C60043160A /* AFURLConnectionOperation.m */; settings = {COMPILER_FLAGS = "-fobjc-arc"; }; };
		D0F8DEE816A584C60043160A /* AFXMLRequestOperation.m in Sources */ = {isa = PBXBuildFile; fileRef = D0F8DEDD16A584C60043160A /* AFXMLRequestOperation.m */; settings = {COMPILER_FLAGS = "-fobjc-arc"; }; };
		D0F8DEE916A584C60043160A /* UIImageView+AFNetworking.m in Sources */ = {isa = PBXBuildFile; fileRef = D0F8DEDF16A584C60043160A /* UIImageView+AFNetworking.m */; settings = {COMPILER_FLAGS = "-fobjc-arc"; }; };
		D0F8DEEC16A584F60043160A /* AFRestAPIClient.m in Sources */ = {isa = PBXBuildFile; fileRef = D0F8DEEB16A584F60043160A /* AFRestAPIClient.m */; settings = {COMPILER_FLAGS = "-fobjc-arc"; }; };
/* End PBXBuildFile section */

/* Begin PBXFileReference section */
		D000FA9F1696EBD6007C3E88 /* tabbarBackgroud@2x.png */ = {isa = PBXFileReference; lastKnownFileType = image.png; name = "tabbarBackgroud@2x.png"; path = "iPhoneDianCan/image/tabbarBackgroud@2x.png"; sourceTree = "<group>"; };
		D000FAA21696F476007C3E88 /* foodlistButton@2x.png */ = {isa = PBXFileReference; lastKnownFileType = image.png; name = "foodlistButton@2x.png"; path = "iPhoneDianCan/image/foodlistButton@2x.png"; sourceTree = "<group>"; };
		D000FAA31696F476007C3E88 /* foodlistButtonSelected@2x.png */ = {isa = PBXFileReference; lastKnownFileType = image.png; name = "foodlistButtonSelected@2x.png"; path = "iPhoneDianCan/image/foodlistButtonSelected@2x.png"; sourceTree = "<group>"; };
		D003234416AF73BA00F4DABB /* Category.h */ = {isa = PBXFileReference; fileEncoding = 4; lastKnownFileType = sourcecode.c.h; name = Category.h; path = Model/Category.h; sourceTree = "<group>"; };
		D003234516AF73BA00F4DABB /* Category.m */ = {isa = PBXFileReference; fileEncoding = 4; lastKnownFileType = sourcecode.c.objc; name = Category.m; path = Model/Category.m; sourceTree = "<group>"; };
		D003234716AF807F00F4DABB /* Recipe.h */ = {isa = PBXFileReference; fileEncoding = 4; lastKnownFileType = sourcecode.c.h; name = Recipe.h; path = Model/Recipe.h; sourceTree = "<group>"; };
		D003234816AF807F00F4DABB /* Recipe.m */ = {isa = PBXFileReference; fileEncoding = 4; lastKnownFileType = sourcecode.c.objc; name = Recipe.m; path = Model/Recipe.m; sourceTree = "<group>"; };
		D003236A16AFC8C900F4DABB /* RecipeTableViewCell.h */ = {isa = PBXFileReference; fileEncoding = 4; lastKnownFileType = sourcecode.c.h; name = RecipeTableViewCell.h; path = CustomUIControlls/RecipeTableViewCell.h; sourceTree = "<group>"; };
		D003236B16AFC8C900F4DABB /* RecipeTableViewCell.m */ = {isa = PBXFileReference; fileEncoding = 4; lastKnownFileType = sourcecode.c.objc; name = RecipeTableViewCell.m; path = CustomUIControlls/RecipeTableViewCell.m; sourceTree = "<group>"; };
		D003EED116A566E90082B35C /* UINavigationBar+Customized.h */ = {isa = PBXFileReference; fileEncoding = 4; lastKnownFileType = sourcecode.c.h; name = "UINavigationBar+Customized.h"; path = "CustomUIControlls/UINavigationBar+Customized.h"; sourceTree = "<group>"; };
		D003EED216A566E90082B35C /* UINavigationBar+Customized.m */ = {isa = PBXFileReference; fileEncoding = 4; lastKnownFileType = sourcecode.c.objc; name = "UINavigationBar+Customized.m"; path = "CustomUIControlls/UINavigationBar+Customized.m"; sourceTree = "<group>"; };
		D003EED416A567130082B35C /* MyNavigationBar.h */ = {isa = PBXFileReference; fileEncoding = 4; lastKnownFileType = sourcecode.c.h; name = MyNavigationBar.h; path = CustomUIControlls/MyNavigationBar.h; sourceTree = "<group>"; };
		D003EED516A567130082B35C /* MyNavigationBar.m */ = {isa = PBXFileReference; fileEncoding = 4; lastKnownFileType = sourcecode.c.objc; name = MyNavigationBar.m; path = CustomUIControlls/MyNavigationBar.m; sourceTree = "<group>"; };
		D018C67016EF714F001EB2C9 /* MyBMKPointAnnotation.h */ = {isa = PBXFileReference; fileEncoding = 4; lastKnownFileType = sourcecode.c.h; name = MyBMKPointAnnotation.h; path = CustomUIControlls/MyBMKPointAnnotation.h; sourceTree = "<group>"; };
		D018C67116EF714F001EB2C9 /* MyBMKPointAnnotation.m */ = {isa = PBXFileReference; fileEncoding = 4; lastKnownFileType = sourcecode.c.objc; name = MyBMKPointAnnotation.m; path = CustomUIControlls/MyBMKPointAnnotation.m; sourceTree = "<group>"; };
		D01C2FA2169AA5EE0071FA43 /* orderListButton@2x.png */ = {isa = PBXFileReference; lastKnownFileType = image.png; name = "orderListButton@2x.png"; path = "iPhoneDianCan/image/orderListButton@2x.png"; sourceTree = "<group>"; };
		D01C2FA3169AA5EE0071FA43 /* orderListButtonSelected@2x.png */ = {isa = PBXFileReference; lastKnownFileType = image.png; name = "orderListButtonSelected@2x.png"; path = "iPhoneDianCan/image/orderListButtonSelected@2x.png"; sourceTree = "<group>"; };
		D01C2FA4169AA5EE0071FA43 /* payButtonSelected@2x.png */ = {isa = PBXFileReference; lastKnownFileType = image.png; name = "payButtonSelected@2x.png"; path = "iPhoneDianCan/image/payButtonSelected@2x.png"; sourceTree = "<group>"; };
		D01C2FA5169AA5EE0071FA43 /* payButton@2x.png */ = {isa = PBXFileReference; lastKnownFileType = image.png; name = "payButton@2x.png"; path = "iPhoneDianCan/image/payButton@2x.png"; sourceTree = "<group>"; };
		D01C2FA6169AA5EE0071FA43 /* waiterButtonSelected@2x.png */ = {isa = PBXFileReference; lastKnownFileType = image.png; name = "waiterButtonSelected@2x.png"; path = "iPhoneDianCan/image/waiterButtonSelected@2x.png"; sourceTree = "<group>"; };
		D01C2FA7169AA5EE0071FA43 /* waiterButton@2x.png */ = {isa = PBXFileReference; lastKnownFileType = image.png; name = "waiterButton@2x.png"; path = "iPhoneDianCan/image/waiterButton@2x.png"; sourceTree = "<group>"; };
		D01FDC9816EF87DF00B14827 /* RestaurantResultController.h */ = {isa = PBXFileReference; fileEncoding = 4; lastKnownFileType = sourcecode.c.h; name = RestaurantResultController.h; path = ViewControllers/RestaurantResultController.h; sourceTree = "<group>"; };
		D01FDC9916EF87DF00B14827 /* RestaurantResultController.m */ = {isa = PBXFileReference; fileEncoding = 4; lastKnownFileType = sourcecode.c.objc; name = RestaurantResultController.m; path = ViewControllers/RestaurantResultController.m; sourceTree = "<group>"; };
		D01FDC9B16EF9D1000B14827 /* navRightBtnHL.png */ = {isa = PBXFileReference; lastKnownFileType = image.png; name = navRightBtnHL.png; path = iPhoneDianCan/image/navRightBtnHL.png; sourceTree = "<group>"; };
		D02EA0E216ACAD8A00A11EFD /* mapsNearButton@2x.png */ = {isa = PBXFileReference; lastKnownFileType = image.png; name = "mapsNearButton@2x.png"; path = "iPhoneDianCan/image/mapsNearButton@2x.png"; sourceTree = "<group>"; };
		D02EA0ED16ACDB3A00A11EFD /* restaurantTableCellBg@2x.png */ = {isa = PBXFileReference; lastKnownFileType = image.png; name = "restaurantTableCellBg@2x.png"; path = "iPhoneDianCan/image/restaurantTableCellBg@2x.png"; sourceTree = "<group>"; };
		D02EA0EF16ACEB7600A11EFD /* mapTableViewBg.png */ = {isa = PBXFileReference; lastKnownFileType = image.png; name = mapTableViewBg.png; path = iPhoneDianCan/image/mapTableViewBg.png; sourceTree = "<group>"; };
		D040FA4A1694044B00B86C94 /* navButton.png */ = {isa = PBXFileReference; lastKnownFileType = image.png; name = navButton.png; path = iPhoneDianCan/image/navButton.png; sourceTree = "<group>"; };
		D040FA5C169441DB00B86C94 /* foodlistTabButtonUnSelect@2x.png */ = {isa = PBXFileReference; lastKnownFileType = image.png; name = "foodlistTabButtonUnSelect@2x.png"; path = "iPhoneDianCan/image/foodlistTabButtonUnSelect@2x.png"; sourceTree = "<group>"; };
		D04852DA16B364C300A6A097 /* TextAlertView.h */ = {isa = PBXFileReference; fileEncoding = 4; lastKnownFileType = sourcecode.c.h; name = TextAlertView.h; path = CustomUIControlls/TextAlertView.h; sourceTree = "<group>"; };
		D04852DB16B364C300A6A097 /* TextAlertView.m */ = {isa = PBXFileReference; fileEncoding = 4; lastKnownFileType = sourcecode.c.objc; name = TextAlertView.m; path = CustomUIControlls/TextAlertView.m; sourceTree = "<group>"; };
		D049A92016E6F6A500A068D6 /* appIcon@2x.png */ = {isa = PBXFileReference; lastKnownFileType = image.png; path = "appIcon@2x.png"; sourceTree = "<group>"; };
		D04D2F3916A592DD00CB10D2 /* Restaurant.h */ = {isa = PBXFileReference; fileEncoding = 4; lastKnownFileType = sourcecode.c.h; name = Restaurant.h; path = Model/Restaurant.h; sourceTree = "<group>"; };
		D04D2F3A16A592DD00CB10D2 /* Restaurant.m */ = {isa = PBXFileReference; fileEncoding = 4; lastKnownFileType = sourcecode.c.objc; name = Restaurant.m; path = Model/Restaurant.m; sourceTree = "<group>"; };
		D05537A716A6B3AE00160BB7 /* RestaurantUser.h */ = {isa = PBXFileReference; fileEncoding = 4; lastKnownFileType = sourcecode.c.h; name = RestaurantUser.h; path = Model/RestaurantUser.h; sourceTree = "<group>"; };
		D05537A816A6B3AE00160BB7 /* RestaurantUser.m */ = {isa = PBXFileReference; fileEncoding = 4; lastKnownFileType = sourcecode.c.objc; name = RestaurantUser.m; path = Model/RestaurantUser.m; sourceTree = "<group>"; };
		D06B9D5116AA173700D9C826 /* BMapKit.h */ = {isa = PBXFileReference; fileEncoding = 4; lastKnownFileType = sourcecode.c.h; path = BMapKit.h; sourceTree = "<group>"; };
		D06B9D5216AA173700D9C826 /* BMKAnnotation.h */ = {isa = PBXFileReference; fileEncoding = 4; lastKnownFileType = sourcecode.c.h; path = BMKAnnotation.h; sourceTree = "<group>"; };
		D06B9D5316AA173700D9C826 /* BMKAnnotationView.h */ = {isa = PBXFileReference; fileEncoding = 4; lastKnownFileType = sourcecode.c.h; path = BMKAnnotationView.h; sourceTree = "<group>"; };
		D06B9D5416AA173700D9C826 /* BMKCircle.h */ = {isa = PBXFileReference; fileEncoding = 4; lastKnownFileType = sourcecode.c.h; path = BMKCircle.h; sourceTree = "<group>"; };
		D06B9D5516AA173700D9C826 /* BMKCircleView.h */ = {isa = PBXFileReference; fileEncoding = 4; lastKnownFileType = sourcecode.c.h; path = BMKCircleView.h; sourceTree = "<group>"; };
		D06B9D5616AA173700D9C826 /* BMKGeneralDelegate.h */ = {isa = PBXFileReference; fileEncoding = 4; lastKnownFileType = sourcecode.c.h; path = BMKGeneralDelegate.h; sourceTree = "<group>"; };
		D06B9D5716AA173700D9C826 /* BMKGeocodeType.h */ = {isa = PBXFileReference; fileEncoding = 4; lastKnownFileType = sourcecode.c.h; path = BMKGeocodeType.h; sourceTree = "<group>"; };
		D06B9D5816AA173700D9C826 /* BMKGeometry.h */ = {isa = PBXFileReference; fileEncoding = 4; lastKnownFileType = sourcecode.c.h; path = BMKGeometry.h; sourceTree = "<group>"; };
		D06B9D5916AA173700D9C826 /* BMKMapManager.h */ = {isa = PBXFileReference; fileEncoding = 4; lastKnownFileType = sourcecode.c.h; path = BMKMapManager.h; sourceTree = "<group>"; };
		D06B9D5A16AA173700D9C826 /* BMKMapView.h */ = {isa = PBXFileReference; fileEncoding = 4; lastKnownFileType = sourcecode.c.h; path = BMKMapView.h; sourceTree = "<group>"; };
		D06B9D5B16AA173700D9C826 /* BMKMultiPoint.h */ = {isa = PBXFileReference; fileEncoding = 4; lastKnownFileType = sourcecode.c.h; path = BMKMultiPoint.h; sourceTree = "<group>"; };
		D06B9D5C16AA173700D9C826 /* BMKOfflineMap.h */ = {isa = PBXFileReference; fileEncoding = 4; lastKnownFileType = sourcecode.c.h; path = BMKOfflineMap.h; sourceTree = "<group>"; };
		D06B9D5D16AA173700D9C826 /* BMKOfflineMapType.h */ = {isa = PBXFileReference; fileEncoding = 4; lastKnownFileType = sourcecode.c.h; path = BMKOfflineMapType.h; sourceTree = "<group>"; };
		D06B9D5E16AA173700D9C826 /* BMKOverlay.h */ = {isa = PBXFileReference; fileEncoding = 4; lastKnownFileType = sourcecode.c.h; path = BMKOverlay.h; sourceTree = "<group>"; };
		D06B9D5F16AA173700D9C826 /* BMKOverlayPathView.h */ = {isa = PBXFileReference; fileEncoding = 4; lastKnownFileType = sourcecode.c.h; path = BMKOverlayPathView.h; sourceTree = "<group>"; };
		D06B9D6016AA173700D9C826 /* BMKOverlayView.h */ = {isa = PBXFileReference; fileEncoding = 4; lastKnownFileType = sourcecode.c.h; path = BMKOverlayView.h; sourceTree = "<group>"; };
		D06B9D6116AA173700D9C826 /* BMKPinAnnotationView.h */ = {isa = PBXFileReference; fileEncoding = 4; lastKnownFileType = sourcecode.c.h; path = BMKPinAnnotationView.h; sourceTree = "<group>"; };
		D06B9D6216AA173700D9C826 /* BMKPointAnnotation.h */ = {isa = PBXFileReference; fileEncoding = 4; lastKnownFileType = sourcecode.c.h; path = BMKPointAnnotation.h; sourceTree = "<group>"; };
		D06B9D6316AA173700D9C826 /* BMKPoiSearchType.h */ = {isa = PBXFileReference; fileEncoding = 4; lastKnownFileType = sourcecode.c.h; path = BMKPoiSearchType.h; sourceTree = "<group>"; };
		D06B9D6416AA173700D9C826 /* BMKPolygon.h */ = {isa = PBXFileReference; fileEncoding = 4; lastKnownFileType = sourcecode.c.h; path = BMKPolygon.h; sourceTree = "<group>"; };
		D06B9D6516AA173700D9C826 /* BMKPolygonView.h */ = {isa = PBXFileReference; fileEncoding = 4; lastKnownFileType = sourcecode.c.h; path = BMKPolygonView.h; sourceTree = "<group>"; };
		D06B9D6616AA173700D9C826 /* BMKPolyline.h */ = {isa = PBXFileReference; fileEncoding = 4; lastKnownFileType = sourcecode.c.h; path = BMKPolyline.h; sourceTree = "<group>"; };
		D06B9D6716AA173700D9C826 /* BMKPolylineView.h */ = {isa = PBXFileReference; fileEncoding = 4; lastKnownFileType = sourcecode.c.h; path = BMKPolylineView.h; sourceTree = "<group>"; };
		D06B9D6816AA173700D9C826 /* BMKRouteSearchType.h */ = {isa = PBXFileReference; fileEncoding = 4; lastKnownFileType = sourcecode.c.h; path = BMKRouteSearchType.h; sourceTree = "<group>"; };
		D06B9D6916AA173700D9C826 /* BMKSearch.h */ = {isa = PBXFileReference; fileEncoding = 4; lastKnownFileType = sourcecode.c.h; path = BMKSearch.h; sourceTree = "<group>"; };
		D06B9D6A16AA173700D9C826 /* BMKShape.h */ = {isa = PBXFileReference; fileEncoding = 4; lastKnownFileType = sourcecode.c.h; path = BMKShape.h; sourceTree = "<group>"; };
		D06B9D6B16AA173700D9C826 /* BMKTypes.h */ = {isa = PBXFileReference; fileEncoding = 4; lastKnownFileType = sourcecode.c.h; path = BMKTypes.h; sourceTree = "<group>"; };
		D06B9D6C16AA173700D9C826 /* BMKUserLocation.h */ = {isa = PBXFileReference; fileEncoding = 4; lastKnownFileType = sourcecode.c.h; path = BMKUserLocation.h; sourceTree = "<group>"; };
		D06B9D6D16AA173700D9C826 /* BMKVersion.h */ = {isa = PBXFileReference; fileEncoding = 4; lastKnownFileType = sourcecode.c.h; path = BMKVersion.h; sourceTree = "<group>"; };
		D06B9D6F16AA174A00D9C826 /* mapapi.bundle */ = {isa = PBXFileReference; lastKnownFileType = "wrapper.plug-in"; name = mapapi.bundle; path = iPhoneDianCan/mapapi.bundle; sourceTree = "<group>"; };
		D06B9D7416AA1AB600D9C826 /* CoreLocation.framework */ = {isa = PBXFileReference; lastKnownFileType = wrapper.framework; name = CoreLocation.framework; path = System/Library/Frameworks/CoreLocation.framework; sourceTree = SDKROOT; };
		D06B9D7616AA1ABF00D9C826 /* QuartzCore.framework */ = {isa = PBXFileReference; lastKnownFileType = wrapper.framework; name = QuartzCore.framework; path = System/Library/Frameworks/QuartzCore.framework; sourceTree = SDKROOT; };
		D06B9D7816AA240700D9C826 /* navRightBtn.png */ = {isa = PBXFileReference; lastKnownFileType = image.png; name = navRightBtn.png; path = iPhoneDianCan/image/navRightBtn.png; sourceTree = "<group>"; };
		D07201EC16E16D5900DD5636 /* categoryTableViewBg@2x.png */ = {isa = PBXFileReference; lastKnownFileType = image.png; name = "categoryTableViewBg@2x.png"; path = "iPhoneDianCan/image/categoryTableViewBg@2x.png"; sourceTree = "<group>"; };
		D07201F016E1919900DD5636 /* categoryTablecellSelectBg@2x.png */ = {isa = PBXFileReference; lastKnownFileType = image.png; name = "categoryTablecellSelectBg@2x.png"; path = "iPhoneDianCan/image/categoryTablecellSelectBg@2x.png"; sourceTree = "<group>"; };
		D07BB1661693CEE30048716D /* CustomizedNavBarBg.png */ = {isa = PBXFileReference; lastKnownFileType = image.png; name = CustomizedNavBarBg.png; path = iPhoneDianCan/image/CustomizedNavBarBg.png; sourceTree = "<group>"; };
		D07BB1671693CEE30048716D /* CustomizedNavBarBg@2x.png */ = {isa = PBXFileReference; lastKnownFileType = image.png; name = "CustomizedNavBarBg@2x.png"; path = "iPhoneDianCan/image/CustomizedNavBarBg@2x.png"; sourceTree = "<group>"; };
		D084CB7816DE58CF0076D74F /* BadgeButton.h */ = {isa = PBXFileReference; fileEncoding = 4; lastKnownFileType = sourcecode.c.h; name = BadgeButton.h; path = CustomUIControlls/BadgeButton.h; sourceTree = "<group>"; };
		D084CB7916DE58CF0076D74F /* BadgeButton.m */ = {isa = PBXFileReference; fileEncoding = 4; lastKnownFileType = sourcecode.c.objc; name = BadgeButton.m; path = CustomUIControlls/BadgeButton.m; sourceTree = "<group>"; };
		D084CB7D16DE63260076D74F /* labelCount@2x.png */ = {isa = PBXFileReference; lastKnownFileType = image.png; name = "labelCount@2x.png"; path = "iPhoneDianCan/image/labelCount@2x.png"; sourceTree = "<group>"; };
		D085E04216B3A25300CD08AE /* alertViewBg@2x.png */ = {isa = PBXFileReference; lastKnownFileType = image.png; name = "alertViewBg@2x.png"; path = "iPhoneDianCan/image/alertViewBg@2x.png"; sourceTree = "<group>"; };
		D085E04916B3B7CF00CD08AE /* codeScanBtn@2x.png */ = {isa = PBXFileReference; lastKnownFileType = image.png; name = "codeScanBtn@2x.png"; path = "iPhoneDianCan/image/codeScanBtn@2x.png"; sourceTree = "<group>"; };
		D085E04B16B3C04800CD08AE /* alertYesNoBtn@2x.png */ = {isa = PBXFileReference; lastKnownFileType = image.png; name = "alertYesNoBtn@2x.png"; path = "iPhoneDianCan/image/alertYesNoBtn@2x.png"; sourceTree = "<group>"; };
		D085E07F16B3F88F00CD08AE /* libiconv.dylib */ = {isa = PBXFileReference; lastKnownFileType = "compiled.mach-o.dylib"; name = libiconv.dylib; path = usr/lib/libiconv.dylib; sourceTree = SDKROOT; };
		D085E08116B3F8C000CD08AE /* CoreMedia.framework */ = {isa = PBXFileReference; lastKnownFileType = wrapper.framework; name = CoreMedia.framework; path = System/Library/Frameworks/CoreMedia.framework; sourceTree = SDKROOT; };
		D085E08216B3F8C000CD08AE /* CoreVideo.framework */ = {isa = PBXFileReference; lastKnownFileType = wrapper.framework; name = CoreVideo.framework; path = System/Library/Frameworks/CoreVideo.framework; sourceTree = SDKROOT; };
		D085E0EE16B403A100CD08AE /* Decoder.h */ = {isa = PBXFileReference; fileEncoding = 4; lastKnownFileType = sourcecode.c.h; path = Decoder.h; sourceTree = "<group>"; };
		D085E0EF16B403A100CD08AE /* Exception.h */ = {isa = PBXFileReference; fileEncoding = 4; lastKnownFileType = sourcecode.c.h; path = Exception.h; sourceTree = "<group>"; };
		D085E0F016B403A100CD08AE /* Image.h */ = {isa = PBXFileReference; fileEncoding = 4; lastKnownFileType = sourcecode.c.h; path = Image.h; sourceTree = "<group>"; };
		D085E0F116B403A100CD08AE /* ImageScanner.h */ = {isa = PBXFileReference; fileEncoding = 4; lastKnownFileType = sourcecode.c.h; path = ImageScanner.h; sourceTree = "<group>"; };
		D085E0F216B403A100CD08AE /* Processor.h */ = {isa = PBXFileReference; fileEncoding = 4; lastKnownFileType = sourcecode.c.h; path = Processor.h; sourceTree = "<group>"; };
		D085E0F316B403A100CD08AE /* Scanner.h */ = {isa = PBXFileReference; fileEncoding = 4; lastKnownFileType = sourcecode.c.h; path = Scanner.h; sourceTree = "<group>"; };
		D085E0F416B403A100CD08AE /* Symbol.h */ = {isa = PBXFileReference; fileEncoding = 4; lastKnownFileType = sourcecode.c.h; path = Symbol.h; sourceTree = "<group>"; };
		D085E0F516B403A100CD08AE /* Video.h */ = {isa = PBXFileReference; fileEncoding = 4; lastKnownFileType = sourcecode.c.h; path = Video.h; sourceTree = "<group>"; };
		D085E0F616B403A100CD08AE /* Window.h */ = {isa = PBXFileReference; fileEncoding = 4; lastKnownFileType = sourcecode.c.h; path = Window.h; sourceTree = "<group>"; };
		D085E0F716B403A100CD08AE /* zbar.h */ = {isa = PBXFileReference; fileEncoding = 4; lastKnownFileType = sourcecode.c.h; path = zbar.h; sourceTree = "<group>"; };
		D085E0F816B403A100CD08AE /* ZBarCameraSimulator.h */ = {isa = PBXFileReference; fileEncoding = 4; lastKnownFileType = sourcecode.c.h; path = ZBarCameraSimulator.h; sourceTree = "<group>"; };
		D085E0F916B403A100CD08AE /* ZBarCaptureReader.h */ = {isa = PBXFileReference; fileEncoding = 4; lastKnownFileType = sourcecode.c.h; path = ZBarCaptureReader.h; sourceTree = "<group>"; };
		D085E0FA16B403A100CD08AE /* ZBarHelpController.h */ = {isa = PBXFileReference; fileEncoding = 4; lastKnownFileType = sourcecode.c.h; path = ZBarHelpController.h; sourceTree = "<group>"; };
		D085E0FB16B403A100CD08AE /* ZBarImage.h */ = {isa = PBXFileReference; fileEncoding = 4; lastKnownFileType = sourcecode.c.h; path = ZBarImage.h; sourceTree = "<group>"; };
		D085E0FC16B403A100CD08AE /* ZBarImageScanner.h */ = {isa = PBXFileReference; fileEncoding = 4; lastKnownFileType = sourcecode.c.h; path = ZBarImageScanner.h; sourceTree = "<group>"; };
		D085E0FD16B403A100CD08AE /* ZBarReaderController.h */ = {isa = PBXFileReference; fileEncoding = 4; lastKnownFileType = sourcecode.c.h; path = ZBarReaderController.h; sourceTree = "<group>"; };
		D085E0FE16B403A100CD08AE /* ZBarReaderView.h */ = {isa = PBXFileReference; fileEncoding = 4; lastKnownFileType = sourcecode.c.h; path = ZBarReaderView.h; sourceTree = "<group>"; };
		D085E0FF16B403A100CD08AE /* ZBarReaderViewController.h */ = {isa = PBXFileReference; fileEncoding = 4; lastKnownFileType = sourcecode.c.h; path = ZBarReaderViewController.h; sourceTree = "<group>"; };
		D085E10016B403A100CD08AE /* ZBarSDK.h */ = {isa = PBXFileReference; fileEncoding = 4; lastKnownFileType = sourcecode.c.h; path = ZBarSDK.h; sourceTree = "<group>"; };
		D085E10116B403A100CD08AE /* ZBarSymbol.h */ = {isa = PBXFileReference; fileEncoding = 4; lastKnownFileType = sourcecode.c.h; path = ZBarSymbol.h; sourceTree = "<group>"; };
		D085E10216B403A100CD08AE /* libzbar.a */ = {isa = PBXFileReference; lastKnownFileType = archive.ar; path = libzbar.a; sourceTree = "<group>"; };
		D085E10416B403A100CD08AE /* zbar-back.png */ = {isa = PBXFileReference; lastKnownFileType = image.png; path = "zbar-back.png"; sourceTree = "<group>"; };
		D085E10516B403A100CD08AE /* zbar-help.html */ = {isa = PBXFileReference; fileEncoding = 4; lastKnownFileType = text.html; path = "zbar-help.html"; sourceTree = "<group>"; };
		D085E10616B403A100CD08AE /* zbar-helpicons.png */ = {isa = PBXFileReference; lastKnownFileType = image.png; path = "zbar-helpicons.png"; sourceTree = "<group>"; };
		D085E10716B403A100CD08AE /* zbar-samples.png */ = {isa = PBXFileReference; lastKnownFileType = image.png; path = "zbar-samples.png"; sourceTree = "<group>"; };
		D085E11116B4040900CD08AE /* AVFoundation.framework */ = {isa = PBXFileReference; lastKnownFileType = wrapper.framework; name = AVFoundation.framework; path = System/Library/Frameworks/AVFoundation.framework; sourceTree = SDKROOT; };
		D085E11316B40D1600CD08AE /* MyZBarReaderViewController.h */ = {isa = PBXFileReference; fileEncoding = 4; lastKnownFileType = sourcecode.c.h; name = MyZBarReaderViewController.h; path = CustomUIControlls/MyZBarReaderViewController.h; sourceTree = "<group>"; };
		D085E11416B40D1600CD08AE /* MyZBarReaderViewController.m */ = {isa = PBXFileReference; fileEncoding = 4; lastKnownFileType = sourcecode.c.objc; name = MyZBarReaderViewController.m; path = CustomUIControlls/MyZBarReaderViewController.m; sourceTree = "<group>"; };
		D08D188B1696899D00398B90 /* MyTabBarController.h */ = {isa = PBXFileReference; fileEncoding = 4; lastKnownFileType = sourcecode.c.h; name = MyTabBarController.h; path = CustomUIControlls/MyTabBarController.h; sourceTree = "<group>"; };
		D08D188C1696899D00398B90 /* MyTabBarController.m */ = {isa = PBXFileReference; fileEncoding = 4; lastKnownFileType = sourcecode.c.objc; name = MyTabBarController.m; path = CustomUIControlls/MyTabBarController.m; sourceTree = "<group>"; };
		D08D188E16968A6300398B90 /* TabView.h */ = {isa = PBXFileReference; fileEncoding = 4; lastKnownFileType = sourcecode.c.h; name = TabView.h; path = AppDelegate/TabView.h; sourceTree = "<group>"; };
		D08D188F16968A6300398B90 /* TabView.m */ = {isa = PBXFileReference; fileEncoding = 4; lastKnownFileType = sourcecode.c.objc; name = TabView.m; path = AppDelegate/TabView.m; sourceTree = "<group>"; };
		D0A78A9016EDA027004123B9 /* RecipeSearchControllerViewController.h */ = {isa = PBXFileReference; fileEncoding = 4; lastKnownFileType = sourcecode.c.h; name = RecipeSearchControllerViewController.h; path = ViewControllers/RecipeSearchControllerViewController.h; sourceTree = "<group>"; };
		D0A78A9116EDA027004123B9 /* RecipeSearchControllerViewController.m */ = {isa = PBXFileReference; fileEncoding = 4; lastKnownFileType = sourcecode.c.objc; name = RecipeSearchControllerViewController.m; path = ViewControllers/RecipeSearchControllerViewController.m; sourceTree = "<group>"; };
		D0B1E1A31692DAAE00FF07FC /* 淘吃客.app */ = {isa = PBXFileReference; explicitFileType = wrapper.application; includeInIndex = 0; path = "淘吃客.app"; sourceTree = BUILT_PRODUCTS_DIR; };
		D0B1E1A71692DAAE00FF07FC /* UIKit.framework */ = {isa = PBXFileReference; lastKnownFileType = wrapper.framework; name = UIKit.framework; path = System/Library/Frameworks/UIKit.framework; sourceTree = SDKROOT; };
		D0B1E1A91692DAAE00FF07FC /* Foundation.framework */ = {isa = PBXFileReference; lastKnownFileType = wrapper.framework; name = Foundation.framework; path = System/Library/Frameworks/Foundation.framework; sourceTree = SDKROOT; };
		D0B1E1AB1692DAAE00FF07FC /* CoreGraphics.framework */ = {isa = PBXFileReference; lastKnownFileType = wrapper.framework; name = CoreGraphics.framework; path = System/Library/Frameworks/CoreGraphics.framework; sourceTree = SDKROOT; };
		D0B1E1AF1692DAAE00FF07FC /* iPhoneDianCan-Info.plist */ = {isa = PBXFileReference; lastKnownFileType = text.plist.xml; path = "iPhoneDianCan-Info.plist"; sourceTree = "<group>"; };
		D0B1E1B11692DAAE00FF07FC /* en */ = {isa = PBXFileReference; lastKnownFileType = text.plist.strings; name = en; path = en.lproj/InfoPlist.strings; sourceTree = "<group>"; };
		D0B1E1B31692DAAE00FF07FC /* main.m */ = {isa = PBXFileReference; lastKnownFileType = sourcecode.c.objc; path = main.m; sourceTree = "<group>"; };
		D0B1E1B51692DAAE00FF07FC /* iPhoneDianCan-Prefix.pch */ = {isa = PBXFileReference; lastKnownFileType = sourcecode.c.h; path = "iPhoneDianCan-Prefix.pch"; sourceTree = "<group>"; };
		D0B1E1DE1692DB6D00FF07FC /* AppDelegate.h */ = {isa = PBXFileReference; fileEncoding = 4; lastKnownFileType = sourcecode.c.h; name = AppDelegate.h; path = AppDelegate/AppDelegate.h; sourceTree = "<group>"; };
		D0B1E1DF1692DB6D00FF07FC /* AppDelegate.m */ = {isa = PBXFileReference; fileEncoding = 4; lastKnownFileType = sourcecode.c.objc; name = AppDelegate.m; path = AppDelegate/AppDelegate.m; sourceTree = "<group>"; };
		D0B1E1ED1692DBE400FF07FC /* first.png */ = {isa = PBXFileReference; lastKnownFileType = image.png; name = first.png; path = iPhoneDianCan/image/first.png; sourceTree = "<group>"; };
		D0B1E1EE1692DBE400FF07FC /* first@2x.png */ = {isa = PBXFileReference; lastKnownFileType = image.png; name = "first@2x.png"; path = "iPhoneDianCan/image/first@2x.png"; sourceTree = "<group>"; };
		D0B1E1EF1692DBE400FF07FC /* second.png */ = {isa = PBXFileReference; lastKnownFileType = image.png; name = second.png; path = iPhoneDianCan/image/second.png; sourceTree = "<group>"; };
		D0B1E1F01692DBE400FF07FC /* second@2x.png */ = {isa = PBXFileReference; lastKnownFileType = image.png; name = "second@2x.png"; path = "iPhoneDianCan/image/second@2x.png"; sourceTree = "<group>"; };
		D0B1E1F81692DC9B00FF07FC /* Default-568h@2x.png */ = {isa = PBXFileReference; lastKnownFileType = image.png; name = "Default-568h@2x.png"; path = "iPhoneDianCan/image/Default-568h@2x.png"; sourceTree = "<group>"; };
		D0B1E1F91692DC9B00FF07FC /* Default.png */ = {isa = PBXFileReference; lastKnownFileType = image.png; name = Default.png; path = iPhoneDianCan/image/Default.png; sourceTree = "<group>"; };
		D0B1E1FA1692DC9B00FF07FC /* Default@2x.png */ = {isa = PBXFileReference; lastKnownFileType = image.png; name = "Default@2x.png"; path = "iPhoneDianCan/image/Default@2x.png"; sourceTree = "<group>"; };
		D0C1F8DC169E7CA30080A9FE /* navBackButton@2x.png */ = {isa = PBXFileReference; lastKnownFileType = image.png; name = "navBackButton@2x.png"; path = "iPhoneDianCan/image/navBackButton@2x.png"; sourceTree = "<group>"; };
		D0C4E2E316EE0C2100DDA0AC /* searchResultCellBg.png */ = {isa = PBXFileReference; lastKnownFileType = image.png; name = searchResultCellBg.png; path = iPhoneDianCan/image/searchResultCellBg.png; sourceTree = "<group>"; };
		D0C627E416B0E82F00B57684 /* imageWaiting@2x.png */ = {isa = PBXFileReference; lastKnownFileType = image.png; name = "imageWaiting@2x.png"; path = "iPhoneDianCan/image/imageWaiting@2x.png"; sourceTree = "<group>"; };
		D0C627E716B1032200B57684 /* imageZoomBg@2x.png */ = {isa = PBXFileReference; lastKnownFileType = image.png; name = "imageZoomBg@2x.png"; path = "iPhoneDianCan/image/imageZoomBg@2x.png"; sourceTree = "<group>"; };
		D0C627E916B122FC00B57684 /* recipeTableViewBg.png */ = {isa = PBXFileReference; lastKnownFileType = image.png; name = recipeTableViewBg.png; path = iPhoneDianCan/image/recipeTableViewBg.png; sourceTree = "<group>"; };
		D0C627EF16B1310300B57684 /* restaurantTableHeadBg@2x.png */ = {isa = PBXFileReference; lastKnownFileType = image.png; name = "restaurantTableHeadBg@2x.png"; path = "iPhoneDianCan/image/restaurantTableHeadBg@2x.png"; sourceTree = "<group>"; };
		D0D389DC16E4791B0036F2D6 /* MyAlertView.h */ = {isa = PBXFileReference; fileEncoding = 4; lastKnownFileType = sourcecode.c.h; name = MyAlertView.h; path = CustomUIControlls/MyAlertView.h; sourceTree = "<group>"; };
		D0D389DD16E4791B0036F2D6 /* MyAlertView.m */ = {isa = PBXFileReference; fileEncoding = 4; lastKnownFileType = sourcecode.c.objc; name = MyAlertView.m; path = CustomUIControlls/MyAlertView.m; sourceTree = "<group>"; };
		D0DB069F16B2846C0071945A /* Order.h */ = {isa = PBXFileReference; fileEncoding = 4; lastKnownFileType = sourcecode.c.h; name = Order.h; path = Model/Order.h; sourceTree = "<group>"; };
		D0DB06A016B2846C0071945A /* Order.m */ = {isa = PBXFileReference; fileEncoding = 4; lastKnownFileType = sourcecode.c.objc; name = Order.m; path = Model/Order.m; sourceTree = "<group>"; };
		D0DB06A316B2872A0071945A /* Desk.h */ = {isa = PBXFileReference; fileEncoding = 4; lastKnownFileType = sourcecode.c.h; name = Desk.h; path = Model/Desk.h; sourceTree = "<group>"; };
		D0DB06A416B2872A0071945A /* Desk.m */ = {isa = PBXFileReference; fileEncoding = 4; lastKnownFileType = sourcecode.c.objc; name = Desk.m; path = Model/Desk.m; sourceTree = "<group>"; };
		D0DB06AA16B29C5E0071945A /* OrderItem.h */ = {isa = PBXFileReference; fileEncoding = 4; lastKnownFileType = sourcecode.c.h; name = OrderItem.h; path = Model/OrderItem.h; sourceTree = "<group>"; };
		D0DB06AB16B29C5E0071945A /* OrderItem.m */ = {isa = PBXFileReference; fileEncoding = 4; lastKnownFileType = sourcecode.c.objc; name = OrderItem.m; path = Model/OrderItem.m; sourceTree = "<group>"; };
		D0E4D55116B4D9CA0030BEBD /* removeRecipeBtn@2x.png */ = {isa = PBXFileReference; lastKnownFileType = image.png; name = "removeRecipeBtn@2x.png"; path = "iPhoneDianCan/image/removeRecipeBtn@2x.png"; sourceTree = "<group>"; };
		D0E4D55216B4D9CA0030BEBD /* addRecipeBtn@2x.png */ = {isa = PBXFileReference; lastKnownFileType = image.png; name = "addRecipeBtn@2x.png"; path = "iPhoneDianCan/image/addRecipeBtn@2x.png"; sourceTree = "<group>"; };
		D0E5ED8C16E01427003F6F8F /* CategoryTableViewController.h */ = {isa = PBXFileReference; fileEncoding = 4; lastKnownFileType = sourcecode.c.h; name = CategoryTableViewController.h; path = ViewControllers/CategoryTableViewController.h; sourceTree = "<group>"; };
		D0E5ED8D16E01428003F6F8F /* CategoryTableViewController.m */ = {isa = PBXFileReference; fileEncoding = 4; lastKnownFileType = sourcecode.c.objc; name = CategoryTableViewController.m; path = ViewControllers/CategoryTableViewController.m; sourceTree = "<group>"; };
		D0E7741C16A0B5FA005764D8 /* CustomizedNavBg@2x.png */ = {isa = PBXFileReference; lastKnownFileType = image.png; name = "CustomizedNavBg@2x.png"; path = "iPhoneDianCan/image/CustomizedNavBg@2x.png"; sourceTree = "<group>"; };
		D0E7741F16A0B6DF005764D8 /* CustomizedTabBg@2x.png */ = {isa = PBXFileReference; lastKnownFileType = image.png; name = "CustomizedTabBg@2x.png"; path = "iPhoneDianCan/image/CustomizedTabBg@2x.png"; sourceTree = "<group>"; };
		D0F3514C16CE27F900C327C9 /* refreshOrder.png */ = {isa = PBXFileReference; lastKnownFileType = image.png; name = refreshOrder.png; path = iPhoneDianCan/image/refreshOrder.png; sourceTree = "<group>"; };
		D0F3EE2D16AB7D67004628C4 /* dcs.jpg */ = {isa = PBXFileReference; lastKnownFileType = image.jpeg; name = dcs.jpg; path = iPhoneDianCan/image/dcs.jpg; sourceTree = "<group>"; };
		D0F7858416E2FAE900F074BB /* WaiterViewController.h */ = {isa = PBXFileReference; fileEncoding = 4; lastKnownFileType = sourcecode.c.h; name = WaiterViewController.h; path = iPhoneDianCan/ViewControllers/WaiterViewController.h; sourceTree = "<group>"; };
		D0F7858516E2FAE900F074BB /* WaiterViewController.m */ = {isa = PBXFileReference; fileEncoding = 4; lastKnownFileType = sourcecode.c.objc; name = WaiterViewController.m; path = iPhoneDianCan/ViewControllers/WaiterViewController.m; sourceTree = "<group>"; };
		D0F8DEB116A57E9C0043160A /* FoodListController.h */ = {isa = PBXFileReference; fileEncoding = 4; lastKnownFileType = sourcecode.c.h; name = FoodListController.h; path = ViewControllers/FoodListController.h; sourceTree = "<group>"; };
		D0F8DEB216A57E9C0043160A /* FoodListController.m */ = {isa = PBXFileReference; fileEncoding = 4; lastKnownFileType = sourcecode.c.objc; name = FoodListController.m; path = ViewControllers/FoodListController.m; sourceTree = "<group>"; };
		D0F8DEB416A57EDB0043160A /* OrderListController.h */ = {isa = PBXFileReference; fileEncoding = 4; lastKnownFileType = sourcecode.c.h; name = OrderListController.h; path = ViewControllers/OrderListController.h; sourceTree = "<group>"; };
		D0F8DEB516A57EDB0043160A /* OrderListController.m */ = {isa = PBXFileReference; fileEncoding = 4; lastKnownFileType = sourcecode.c.objc; name = OrderListController.m; path = ViewControllers/OrderListController.m; sourceTree = "<group>"; };
		D0F8DEB716A57EFB0043160A /* RestaurantController.h */ = {isa = PBXFileReference; fileEncoding = 4; lastKnownFileType = sourcecode.c.h; name = RestaurantController.h; path = ViewControllers/RestaurantController.h; sourceTree = "<group>"; };
		D0F8DEB816A57EFB0043160A /* RestaurantController.mm */ = {isa = PBXFileReference; fileEncoding = 4; lastKnownFileType = sourcecode.cpp.objcpp; name = RestaurantController.mm; path = ViewControllers/RestaurantController.mm; sourceTree = "<group>"; };
		D0F8DEBA16A57F050043160A /* MainViewController.h */ = {isa = PBXFileReference; fileEncoding = 4; lastKnownFileType = sourcecode.c.h; name = MainViewController.h; path = ViewControllers/MainViewController.h; sourceTree = "<group>"; };
		D0F8DEBB16A57F050043160A /* MainViewController.m */ = {isa = PBXFileReference; fileEncoding = 4; lastKnownFileType = sourcecode.c.objc; name = MainViewController.m; path = ViewControllers/MainViewController.m; sourceTree = "<group>"; };
		D0F8DECB16A584C60043160A /* AFHTTPClient.h */ = {isa = PBXFileReference; fileEncoding = 4; lastKnownFileType = sourcecode.c.h; path = AFHTTPClient.h; sourceTree = "<group>"; };
		D0F8DECC16A584C60043160A /* AFHTTPClient.m */ = {isa = PBXFileReference; fileEncoding = 4; lastKnownFileType = sourcecode.c.objc; path = AFHTTPClient.m; sourceTree = "<group>"; };
		D0F8DECD16A584C60043160A /* AFHTTPRequestOperation.h */ = {isa = PBXFileReference; fileEncoding = 4; lastKnownFileType = sourcecode.c.h; path = AFHTTPRequestOperation.h; sourceTree = "<group>"; };
		D0F8DECE16A584C60043160A /* AFHTTPRequestOperation.m */ = {isa = PBXFileReference; fileEncoding = 4; lastKnownFileType = sourcecode.c.objc; path = AFHTTPRequestOperation.m; sourceTree = "<group>"; };
		D0F8DECF16A584C60043160A /* AFImageRequestOperation.h */ = {isa = PBXFileReference; fileEncoding = 4; lastKnownFileType = sourcecode.c.h; path = AFImageRequestOperation.h; sourceTree = "<group>"; };
		D0F8DED016A584C60043160A /* AFImageRequestOperation.m */ = {isa = PBXFileReference; fileEncoding = 4; lastKnownFileType = sourcecode.c.objc; path = AFImageRequestOperation.m; sourceTree = "<group>"; };
		D0F8DED116A584C60043160A /* AFJSONRequestOperation.h */ = {isa = PBXFileReference; fileEncoding = 4; lastKnownFileType = sourcecode.c.h; path = AFJSONRequestOperation.h; sourceTree = "<group>"; };
		D0F8DED216A584C60043160A /* AFJSONRequestOperation.m */ = {isa = PBXFileReference; fileEncoding = 4; lastKnownFileType = sourcecode.c.objc; path = AFJSONRequestOperation.m; sourceTree = "<group>"; };
		D0F8DED516A584C60043160A /* AFNetworkActivityIndicatorManager.h */ = {isa = PBXFileReference; fileEncoding = 4; lastKnownFileType = sourcecode.c.h; path = AFNetworkActivityIndicatorManager.h; sourceTree = "<group>"; };
		D0F8DED616A584C60043160A /* AFNetworkActivityIndicatorManager.m */ = {isa = PBXFileReference; fileEncoding = 4; lastKnownFileType = sourcecode.c.objc; path = AFNetworkActivityIndicatorManager.m; sourceTree = "<group>"; };
		D0F8DED716A584C60043160A /* AFNetworking.h */ = {isa = PBXFileReference; fileEncoding = 4; lastKnownFileType = sourcecode.c.h; path = AFNetworking.h; sourceTree = "<group>"; };
		D0F8DED816A584C60043160A /* AFPropertyListRequestOperation.h */ = {isa = PBXFileReference; fileEncoding = 4; lastKnownFileType = sourcecode.c.h; path = AFPropertyListRequestOperation.h; sourceTree = "<group>"; };
		D0F8DED916A584C60043160A /* AFPropertyListRequestOperation.m */ = {isa = PBXFileReference; fileEncoding = 4; lastKnownFileType = sourcecode.c.objc; path = AFPropertyListRequestOperation.m; sourceTree = "<group>"; };
		D0F8DEDA16A584C60043160A /* AFURLConnectionOperation.h */ = {isa = PBXFileReference; fileEncoding = 4; lastKnownFileType = sourcecode.c.h; path = AFURLConnectionOperation.h; sourceTree = "<group>"; };
		D0F8DEDB16A584C60043160A /* AFURLConnectionOperation.m */ = {isa = PBXFileReference; fileEncoding = 4; lastKnownFileType = sourcecode.c.objc; path = AFURLConnectionOperation.m; sourceTree = "<group>"; };
		D0F8DEDC16A584C60043160A /* AFXMLRequestOperation.h */ = {isa = PBXFileReference; fileEncoding = 4; lastKnownFileType = sourcecode.c.h; path = AFXMLRequestOperation.h; sourceTree = "<group>"; };
		D0F8DEDD16A584C60043160A /* AFXMLRequestOperation.m */ = {isa = PBXFileReference; fileEncoding = 4; lastKnownFileType = sourcecode.c.objc; path = AFXMLRequestOperation.m; sourceTree = "<group>"; };
		D0F8DEDE16A584C60043160A /* UIImageView+AFNetworking.h */ = {isa = PBXFileReference; fileEncoding = 4; lastKnownFileType = sourcecode.c.h; path = "UIImageView+AFNetworking.h"; sourceTree = "<group>"; };
		D0F8DEDF16A584C60043160A /* UIImageView+AFNetworking.m */ = {isa = PBXFileReference; fileEncoding = 4; lastKnownFileType = sourcecode.c.objc; path = "UIImageView+AFNetworking.m"; sourceTree = "<group>"; };
		D0F8DEEA16A584F60043160A /* AFRestAPIClient.h */ = {isa = PBXFileReference; fileEncoding = 4; lastKnownFileType = sourcecode.c.h; name = AFRestAPIClient.h; path = iPhoneDianCan/AFRestAPIClient.h; sourceTree = SOURCE_ROOT; };
		D0F8DEEB16A584F60043160A /* AFRestAPIClient.m */ = {isa = PBXFileReference; fileEncoding = 4; lastKnownFileType = sourcecode.c.objc; name = AFRestAPIClient.m; path = iPhoneDianCan/AFRestAPIClient.m; sourceTree = SOURCE_ROOT; };
/* End PBXFileReference section */

/* Begin PBXFrameworksBuildPhase section */
		D0B1E1A01692DAAE00FF07FC /* Frameworks */ = {
			isa = PBXFrameworksBuildPhase;
			buildActionMask = 2147483647;
			files = (
				D0B1E1AC1692DAAE00FF07FC /* CoreGraphics.framework in Frameworks */,
				D085E11216B4040900CD08AE /* AVFoundation.framework in Frameworks */,
				D085E11016B403D200CD08AE /* libiconv.dylib in Frameworks */,
				D085E10E16B403BA00CD08AE /* CoreMedia.framework in Frameworks */,
				D085E10F16B403BA00CD08AE /* CoreVideo.framework in Frameworks */,
				D06B9D7716AA1ABF00D9C826 /* QuartzCore.framework in Frameworks */,
				D06B9D7516AA1AB600D9C826 /* CoreLocation.framework in Frameworks */,
				D0B1E1A81692DAAE00FF07FC /* UIKit.framework in Frameworks */,
				D0B1E1AA1692DAAE00FF07FC /* Foundation.framework in Frameworks */,
				D085E10816B403A100CD08AE /* libzbar.a in Frameworks */,
			);
			runOnlyForDeploymentPostprocessing = 0;
		};
/* End PBXFrameworksBuildPhase section */

/* Begin PBXGroup section */
		D003EED716A567DC0082B35C /* Model */ = {
			isa = PBXGroup;
			children = (
				D04D2F3916A592DD00CB10D2 /* Restaurant.h */,
				D04D2F3A16A592DD00CB10D2 /* Restaurant.m */,
				D05537A716A6B3AE00160BB7 /* RestaurantUser.h */,
				D05537A816A6B3AE00160BB7 /* RestaurantUser.m */,
				D003234416AF73BA00F4DABB /* Category.h */,
				D003234516AF73BA00F4DABB /* Category.m */,
				D003234716AF807F00F4DABB /* Recipe.h */,
				D003234816AF807F00F4DABB /* Recipe.m */,
				D0DB069F16B2846C0071945A /* Order.h */,
				D0DB06A016B2846C0071945A /* Order.m */,
				D0DB06A316B2872A0071945A /* Desk.h */,
				D0DB06A416B2872A0071945A /* Desk.m */,
				D0DB06AA16B29C5E0071945A /* OrderItem.h */,
				D0DB06AB16B29C5E0071945A /* OrderItem.m */,
			);
			name = Model;
			sourceTree = "<group>";
		};
		D01C2FBF169ADC8E0071FA43 /* waiter */ = {
			isa = PBXGroup;
			children = (
				D0F7858416E2FAE900F074BB /* WaiterViewController.h */,
				D0F7858516E2FAE900F074BB /* WaiterViewController.m */,
			);
			name = waiter;
			path = ..;
			sourceTree = "<group>";
		};
		D06B9D5016AA173700D9C826 /* BaiduMap */ = {
			isa = PBXGroup;
			children = (
				D06B9D5116AA173700D9C826 /* BMapKit.h */,
				D06B9D5216AA173700D9C826 /* BMKAnnotation.h */,
				D06B9D5316AA173700D9C826 /* BMKAnnotationView.h */,
				D06B9D5416AA173700D9C826 /* BMKCircle.h */,
				D06B9D5516AA173700D9C826 /* BMKCircleView.h */,
				D06B9D5616AA173700D9C826 /* BMKGeneralDelegate.h */,
				D06B9D5716AA173700D9C826 /* BMKGeocodeType.h */,
				D06B9D5816AA173700D9C826 /* BMKGeometry.h */,
				D06B9D5916AA173700D9C826 /* BMKMapManager.h */,
				D06B9D5A16AA173700D9C826 /* BMKMapView.h */,
				D06B9D5B16AA173700D9C826 /* BMKMultiPoint.h */,
				D06B9D5C16AA173700D9C826 /* BMKOfflineMap.h */,
				D06B9D5D16AA173700D9C826 /* BMKOfflineMapType.h */,
				D06B9D5E16AA173700D9C826 /* BMKOverlay.h */,
				D06B9D5F16AA173700D9C826 /* BMKOverlayPathView.h */,
				D06B9D6016AA173700D9C826 /* BMKOverlayView.h */,
				D06B9D6116AA173700D9C826 /* BMKPinAnnotationView.h */,
				D06B9D6216AA173700D9C826 /* BMKPointAnnotation.h */,
				D06B9D6316AA173700D9C826 /* BMKPoiSearchType.h */,
				D06B9D6416AA173700D9C826 /* BMKPolygon.h */,
				D06B9D6516AA173700D9C826 /* BMKPolygonView.h */,
				D06B9D6616AA173700D9C826 /* BMKPolyline.h */,
				D06B9D6716AA173700D9C826 /* BMKPolylineView.h */,
				D06B9D6816AA173700D9C826 /* BMKRouteSearchType.h */,
				D06B9D6916AA173700D9C826 /* BMKSearch.h */,
				D06B9D6A16AA173700D9C826 /* BMKShape.h */,
				D06B9D6B16AA173700D9C826 /* BMKTypes.h */,
				D06B9D6C16AA173700D9C826 /* BMKUserLocation.h */,
				D06B9D6D16AA173700D9C826 /* BMKVersion.h */,
			);
			name = BaiduMap;
			path = inc;
			sourceTree = "<group>";
		};
		D06BD417169D6B6F006FCEB0 /* Restaurant */ = {
			isa = PBXGroup;
			children = (
				D0F8DEB716A57EFB0043160A /* RestaurantController.h */,
				D0F8DEB816A57EFB0043160A /* RestaurantController.mm */,
				D01FDC9816EF87DF00B14827 /* RestaurantResultController.h */,
				D01FDC9916EF87DF00B14827 /* RestaurantResultController.m */,
			);
			name = Restaurant;
			sourceTree = "<group>";
		};
		D06BD419169D6CC9006FCEB0 /* Main */ = {
			isa = PBXGroup;
			children = (
				D06BD417169D6B6F006FCEB0 /* Restaurant */,
				D0F8DEBA16A57F050043160A /* MainViewController.h */,
				D0F8DEBB16A57F050043160A /* MainViewController.m */,
				D0B1E1E11692DB7600FF07FC /* FoodList */,
			);
			name = Main;
			sourceTree = "<group>";
		};
		D085E0EA16B403A100CD08AE /* ZBarSDK */ = {
			isa = PBXGroup;
			children = (
				D085E0EB16B403A100CD08AE /* Headers */,
				D085E10216B403A100CD08AE /* libzbar.a */,
				D085E10316B403A100CD08AE /* Resources */,
			);
			path = ZBarSDK;
			sourceTree = "<group>";
		};
		D085E0EB16B403A100CD08AE /* Headers */ = {
			isa = PBXGroup;
			children = (
				D085E0EC16B403A100CD08AE /* ZBarSDK */,
			);
			path = Headers;
			sourceTree = "<group>";
		};
		D085E0EC16B403A100CD08AE /* ZBarSDK */ = {
			isa = PBXGroup;
			children = (
				D085E0ED16B403A100CD08AE /* zbar */,
				D085E0F716B403A100CD08AE /* zbar.h */,
				D085E0F816B403A100CD08AE /* ZBarCameraSimulator.h */,
				D085E0F916B403A100CD08AE /* ZBarCaptureReader.h */,
				D085E0FA16B403A100CD08AE /* ZBarHelpController.h */,
				D085E0FB16B403A100CD08AE /* ZBarImage.h */,
				D085E0FC16B403A100CD08AE /* ZBarImageScanner.h */,
				D085E0FD16B403A100CD08AE /* ZBarReaderController.h */,
				D085E0FE16B403A100CD08AE /* ZBarReaderView.h */,
				D085E0FF16B403A100CD08AE /* ZBarReaderViewController.h */,
				D085E10016B403A100CD08AE /* ZBarSDK.h */,
				D085E10116B403A100CD08AE /* ZBarSymbol.h */,
			);
			path = ZBarSDK;
			sourceTree = "<group>";
		};
		D085E0ED16B403A100CD08AE /* zbar */ = {
			isa = PBXGroup;
			children = (
				D085E0EE16B403A100CD08AE /* Decoder.h */,
				D085E0EF16B403A100CD08AE /* Exception.h */,
				D085E0F016B403A100CD08AE /* Image.h */,
				D085E0F116B403A100CD08AE /* ImageScanner.h */,
				D085E0F216B403A100CD08AE /* Processor.h */,
				D085E0F316B403A100CD08AE /* Scanner.h */,
				D085E0F416B403A100CD08AE /* Symbol.h */,
				D085E0F516B403A100CD08AE /* Video.h */,
				D085E0F616B403A100CD08AE /* Window.h */,
			);
			path = zbar;
			sourceTree = "<group>";
		};
		D085E10316B403A100CD08AE /* Resources */ = {
			isa = PBXGroup;
			children = (
				D085E10416B403A100CD08AE /* zbar-back.png */,
				D085E10516B403A100CD08AE /* zbar-help.html */,
				D085E10616B403A100CD08AE /* zbar-helpicons.png */,
				D085E10716B403A100CD08AE /* zbar-samples.png */,
			);
			path = Resources;
			sourceTree = "<group>";
		};
		D08D188A169688DB00398B90 /* CustomUIControlls */ = {
			isa = PBXGroup;
			children = (
				D003EED416A567130082B35C /* MyNavigationBar.h */,
				D003EED516A567130082B35C /* MyNavigationBar.m */,
				D003EED116A566E90082B35C /* UINavigationBar+Customized.h */,
				D003EED216A566E90082B35C /* UINavigationBar+Customized.m */,
				D08D188B1696899D00398B90 /* MyTabBarController.h */,
				D08D188C1696899D00398B90 /* MyTabBarController.m */,
				D003236A16AFC8C900F4DABB /* RecipeTableViewCell.h */,
				D003236B16AFC8C900F4DABB /* RecipeTableViewCell.m */,
				D04852DA16B364C300A6A097 /* TextAlertView.h */,
				D04852DB16B364C300A6A097 /* TextAlertView.m */,
				D085E11316B40D1600CD08AE /* MyZBarReaderViewController.h */,
				D085E11416B40D1600CD08AE /* MyZBarReaderViewController.m */,
				D084CB7816DE58CF0076D74F /* BadgeButton.h */,
				D084CB7916DE58CF0076D74F /* BadgeButton.m */,
				D0D389DC16E4791B0036F2D6 /* MyAlertView.h */,
				D0D389DD16E4791B0036F2D6 /* MyAlertView.m */,
				D018C67016EF714F001EB2C9 /* MyBMKPointAnnotation.h */,
				D018C67116EF714F001EB2C9 /* MyBMKPointAnnotation.m */,
			);
			name = CustomUIControlls;
			sourceTree = "<group>";
		};
		D0B1E1981692DAAE00FF07FC = {
			isa = PBXGroup;
			children = (
				D049A92016E6F6A500A068D6 /* appIcon@2x.png */,
				D0B1E1E91692DBC900FF07FC /* image */,
				D0B1E1AD1692DAAE00FF07FC /* iPhoneDianCan */,
				D0B1E1A61692DAAE00FF07FC /* Frameworks */,
				D0B1E1A41692DAAE00FF07FC /* Products */,
			);
			sourceTree = "<group>";
		};
		D0B1E1A41692DAAE00FF07FC /* Products */ = {
			isa = PBXGroup;
			children = (
				D0B1E1A31692DAAE00FF07FC /* 淘吃客.app */,
			);
			name = Products;
			sourceTree = "<group>";
		};
		D0B1E1A61692DAAE00FF07FC /* Frameworks */ = {
			isa = PBXGroup;
			children = (
				D085E07F16B3F88F00CD08AE /* libiconv.dylib */,
				D085E11116B4040900CD08AE /* AVFoundation.framework */,
				D085E08116B3F8C000CD08AE /* CoreMedia.framework */,
				D085E08216B3F8C000CD08AE /* CoreVideo.framework */,
				D06B9D7616AA1ABF00D9C826 /* QuartzCore.framework */,
				D06B9D7416AA1AB600D9C826 /* CoreLocation.framework */,
				D0B1E1A71692DAAE00FF07FC /* UIKit.framework */,
				D0B1E1A91692DAAE00FF07FC /* Foundation.framework */,
				D0B1E1AB1692DAAE00FF07FC /* CoreGraphics.framework */,
			);
			name = Frameworks;
			sourceTree = "<group>";
		};
		D0B1E1AD1692DAAE00FF07FC /* iPhoneDianCan */ = {
			isa = PBXGroup;
			children = (
				D085E0EA16B403A100CD08AE /* ZBarSDK */,
				D06B9D5016AA173700D9C826 /* BaiduMap */,
				D0F8DECA16A584C60043160A /* AFNetworking */,
				D0B1E1DC1692DB4700FF07FC /* Appdelegate */,
				D003EED716A567DC0082B35C /* Model */,
				D08D188A169688DB00398B90 /* CustomUIControlls */,
				D06BD419169D6CC9006FCEB0 /* Main */,
				D0B1E1E21692DB8400FF07FC /* OrderList */,
				D01C2FBF169ADC8E0071FA43 /* waiter */,
				D0B1E1AE1692DAAE00FF07FC /* Supporting Files */,
			);
			path = iPhoneDianCan;
			sourceTree = "<group>";
		};
		D0B1E1AE1692DAAE00FF07FC /* Supporting Files */ = {
			isa = PBXGroup;
			children = (
				D0B1E1AF1692DAAE00FF07FC /* iPhoneDianCan-Info.plist */,
				D0B1E1B01692DAAE00FF07FC /* InfoPlist.strings */,
				D0B1E1B31692DAAE00FF07FC /* main.m */,
				D0B1E1B51692DAAE00FF07FC /* iPhoneDianCan-Prefix.pch */,
			);
			name = "Supporting Files";
			sourceTree = "<group>";
		};
		D0B1E1DC1692DB4700FF07FC /* Appdelegate */ = {
			isa = PBXGroup;
			children = (
				D0B1E1DE1692DB6D00FF07FC /* AppDelegate.h */,
				D0B1E1DF1692DB6D00FF07FC /* AppDelegate.m */,
				D08D188E16968A6300398B90 /* TabView.h */,
				D08D188F16968A6300398B90 /* TabView.m */,
			);
			name = Appdelegate;
			sourceTree = "<group>";
		};
		D0B1E1E11692DB7600FF07FC /* FoodList */ = {
			isa = PBXGroup;
			children = (
				D0F8DEB116A57E9C0043160A /* FoodListController.h */,
				D0F8DEB216A57E9C0043160A /* FoodListController.m */,
				D0E5ED8C16E01427003F6F8F /* CategoryTableViewController.h */,
				D0E5ED8D16E01428003F6F8F /* CategoryTableViewController.m */,
				D0A78A9016EDA027004123B9 /* RecipeSearchControllerViewController.h */,
				D0A78A9116EDA027004123B9 /* RecipeSearchControllerViewController.m */,
			);
			name = FoodList;
			sourceTree = "<group>";
		};
		D0B1E1E21692DB8400FF07FC /* OrderList */ = {
			isa = PBXGroup;
			children = (
				D0F8DEB416A57EDB0043160A /* OrderListController.h */,
				D0F8DEB516A57EDB0043160A /* OrderListController.m */,
			);
			name = OrderList;
			sourceTree = "<group>";
		};
		D0B1E1E91692DBC900FF07FC /* image */ = {
			isa = PBXGroup;
			children = (
				D01FDC9B16EF9D1000B14827 /* navRightBtnHL.png */,
				D0C4E2E316EE0C2100DDA0AC /* searchResultCellBg.png */,
				D07201F016E1919900DD5636 /* categoryTablecellSelectBg@2x.png */,
				D07201EC16E16D5900DD5636 /* categoryTableViewBg@2x.png */,
				D084CB7D16DE63260076D74F /* labelCount@2x.png */,
				D0F3514C16CE27F900C327C9 /* refreshOrder.png */,
				D0E4D55116B4D9CA0030BEBD /* removeRecipeBtn@2x.png */,
				D0E4D55216B4D9CA0030BEBD /* addRecipeBtn@2x.png */,
				D085E04B16B3C04800CD08AE /* alertYesNoBtn@2x.png */,
				D085E04916B3B7CF00CD08AE /* codeScanBtn@2x.png */,
				D085E04216B3A25300CD08AE /* alertViewBg@2x.png */,
				D0C627EF16B1310300B57684 /* restaurantTableHeadBg@2x.png */,
				D0C627E916B122FC00B57684 /* recipeTableViewBg.png */,
				D0C627E716B1032200B57684 /* imageZoomBg@2x.png */,
				D0C627E416B0E82F00B57684 /* imageWaiting@2x.png */,
				D02EA0EF16ACEB7600A11EFD /* mapTableViewBg.png */,
				D02EA0ED16ACDB3A00A11EFD /* restaurantTableCellBg@2x.png */,
				D02EA0E216ACAD8A00A11EFD /* mapsNearButton@2x.png */,
				D0F3EE2D16AB7D67004628C4 /* dcs.jpg */,
				D06B9D7816AA240700D9C826 /* navRightBtn.png */,
				D06B9D6F16AA174A00D9C826 /* mapapi.bundle */,
				D0E7741F16A0B6DF005764D8 /* CustomizedTabBg@2x.png */,
				D0E7741C16A0B5FA005764D8 /* CustomizedNavBg@2x.png */,
				D0C1F8DC169E7CA30080A9FE /* navBackButton@2x.png */,
				D01C2FA2169AA5EE0071FA43 /* orderListButton@2x.png */,
				D01C2FA3169AA5EE0071FA43 /* orderListButtonSelected@2x.png */,
				D01C2FA4169AA5EE0071FA43 /* payButtonSelected@2x.png */,
				D01C2FA5169AA5EE0071FA43 /* payButton@2x.png */,
				D01C2FA6169AA5EE0071FA43 /* waiterButtonSelected@2x.png */,
				D01C2FA7169AA5EE0071FA43 /* waiterButton@2x.png */,
				D000FAA21696F476007C3E88 /* foodlistButton@2x.png */,
				D000FAA31696F476007C3E88 /* foodlistButtonSelected@2x.png */,
				D000FA9F1696EBD6007C3E88 /* tabbarBackgroud@2x.png */,
				D040FA5C169441DB00B86C94 /* foodlistTabButtonUnSelect@2x.png */,
				D040FA4A1694044B00B86C94 /* navButton.png */,
				D07BB1661693CEE30048716D /* CustomizedNavBarBg.png */,
				D07BB1671693CEE30048716D /* CustomizedNavBarBg@2x.png */,
				D0B1E1F81692DC9B00FF07FC /* Default-568h@2x.png */,
				D0B1E1F91692DC9B00FF07FC /* Default.png */,
				D0B1E1FA1692DC9B00FF07FC /* Default@2x.png */,
				D0B1E1ED1692DBE400FF07FC /* first.png */,
				D0B1E1EE1692DBE400FF07FC /* first@2x.png */,
				D0B1E1EF1692DBE400FF07FC /* second.png */,
				D0B1E1F01692DBE400FF07FC /* second@2x.png */,
			);
			name = image;
			sourceTree = "<group>";
		};
		D0F8DECA16A584C60043160A /* AFNetworking */ = {
			isa = PBXGroup;
			children = (
				D0F8DEEA16A584F60043160A /* AFRestAPIClient.h */,
				D0F8DEEB16A584F60043160A /* AFRestAPIClient.m */,
				D0F8DECB16A584C60043160A /* AFHTTPClient.h */,
				D0F8DECC16A584C60043160A /* AFHTTPClient.m */,
				D0F8DECD16A584C60043160A /* AFHTTPRequestOperation.h */,
				D0F8DECE16A584C60043160A /* AFHTTPRequestOperation.m */,
				D0F8DECF16A584C60043160A /* AFImageRequestOperation.h */,
				D0F8DED016A584C60043160A /* AFImageRequestOperation.m */,
				D0F8DED116A584C60043160A /* AFJSONRequestOperation.h */,
				D0F8DED216A584C60043160A /* AFJSONRequestOperation.m */,
				D0F8DED516A584C60043160A /* AFNetworkActivityIndicatorManager.h */,
				D0F8DED616A584C60043160A /* AFNetworkActivityIndicatorManager.m */,
				D0F8DED716A584C60043160A /* AFNetworking.h */,
				D0F8DED816A584C60043160A /* AFPropertyListRequestOperation.h */,
				D0F8DED916A584C60043160A /* AFPropertyListRequestOperation.m */,
				D0F8DEDA16A584C60043160A /* AFURLConnectionOperation.h */,
				D0F8DEDB16A584C60043160A /* AFURLConnectionOperation.m */,
				D0F8DEDC16A584C60043160A /* AFXMLRequestOperation.h */,
				D0F8DEDD16A584C60043160A /* AFXMLRequestOperation.m */,
				D0F8DEDE16A584C60043160A /* UIImageView+AFNetworking.h */,
				D0F8DEDF16A584C60043160A /* UIImageView+AFNetworking.m */,
			);
			path = AFNetworking;
			sourceTree = "<group>";
		};
/* End PBXGroup section */

/* Begin PBXNativeTarget section */
		D0B1E1A21692DAAE00FF07FC /* iPhoneDianCan */ = {
			isa = PBXNativeTarget;
			buildConfigurationList = D0B1E1D51692DAAE00FF07FC /* Build configuration list for PBXNativeTarget "iPhoneDianCan" */;
			buildPhases = (
				D0B1E19F1692DAAE00FF07FC /* Sources */,
				D0B1E1A01692DAAE00FF07FC /* Frameworks */,
				D0B1E1A11692DAAE00FF07FC /* Resources */,
			);
			buildRules = (
			);
			dependencies = (
			);
			name = iPhoneDianCan;
			productName = iPhoneDianCan;
			productReference = D0B1E1A31692DAAE00FF07FC /* 淘吃客.app */;
			productType = "com.apple.product-type.application";
		};
/* End PBXNativeTarget section */

/* Begin PBXProject section */
		D0B1E19A1692DAAE00FF07FC /* Project object */ = {
			isa = PBXProject;
			attributes = {
				LastUpgradeCheck = 0460;
				ORGANIZATIONNAME = ztb;
			};
			buildConfigurationList = D0B1E19D1692DAAE00FF07FC /* Build configuration list for PBXProject "iPhoneDianCan" */;
			compatibilityVersion = "Xcode 3.2";
			developmentRegion = English;
			hasScannedForEncodings = 0;
			knownRegions = (
				en,
			);
			mainGroup = D0B1E1981692DAAE00FF07FC;
			productRefGroup = D0B1E1A41692DAAE00FF07FC /* Products */;
			projectDirPath = "";
			projectRoot = "";
			targets = (
				D0B1E1A21692DAAE00FF07FC /* iPhoneDianCan */,
			);
		};
/* End PBXProject section */

/* Begin PBXResourcesBuildPhase section */
		D0B1E1A11692DAAE00FF07FC /* Resources */ = {
			isa = PBXResourcesBuildPhase;
			buildActionMask = 2147483647;
			files = (
				D0B1E1B21692DAAE00FF07FC /* InfoPlist.strings in Resources */,
				D0B1E1F41692DBE400FF07FC /* first.png in Resources */,
				D0B1E1F51692DBE400FF07FC /* first@2x.png in Resources */,
				D0B1E1F61692DBE400FF07FC /* second.png in Resources */,
				D0B1E1F71692DBE400FF07FC /* second@2x.png in Resources */,
				D0B1E1FB1692DC9B00FF07FC /* Default-568h@2x.png in Resources */,
				D0B1E1FC1692DC9B00FF07FC /* Default.png in Resources */,
				D0B1E1FD1692DC9B00FF07FC /* Default@2x.png in Resources */,
				D07BB1681693CEE30048716D /* CustomizedNavBarBg.png in Resources */,
				D07BB1691693CEE30048716D /* CustomizedNavBarBg@2x.png in Resources */,
				D040FA4B1694044B00B86C94 /* navButton.png in Resources */,
				D040FA5E169441DC00B86C94 /* foodlistTabButtonUnSelect@2x.png in Resources */,
				D000FAA01696EBD6007C3E88 /* tabbarBackgroud@2x.png in Resources */,
				D000FAA41696F476007C3E88 /* foodlistButton@2x.png in Resources */,
				D000FAA51696F476007C3E88 /* foodlistButtonSelected@2x.png in Resources */,
				D01C2FA8169AA5EE0071FA43 /* orderListButton@2x.png in Resources */,
				D01C2FA9169AA5EE0071FA43 /* orderListButtonSelected@2x.png in Resources */,
				D01C2FAA169AA5EE0071FA43 /* payButtonSelected@2x.png in Resources */,
				D01C2FAB169AA5EE0071FA43 /* payButton@2x.png in Resources */,
				D01C2FAC169AA5EE0071FA43 /* waiterButtonSelected@2x.png in Resources */,
				D01C2FAD169AA5EE0071FA43 /* waiterButton@2x.png in Resources */,
				D0C1F8DD169E7CA30080A9FE /* navBackButton@2x.png in Resources */,
				D0E7741D16A0B5FA005764D8 /* CustomizedNavBg@2x.png in Resources */,
				D0E7742016A0B6DF005764D8 /* CustomizedTabBg@2x.png in Resources */,
				D06B9D7016AA174A00D9C826 /* mapapi.bundle in Resources */,
				D06B9D7916AA240700D9C826 /* navRightBtn.png in Resources */,
				D0F3EE2E16AB7D67004628C4 /* dcs.jpg in Resources */,
				D02EA0E316ACAD8A00A11EFD /* mapsNearButton@2x.png in Resources */,
				D02EA0EE16ACDB3A00A11EFD /* restaurantTableCellBg@2x.png in Resources */,
				D02EA0F016ACEB7600A11EFD /* mapTableViewBg.png in Resources */,
				D0C627E516B0E82F00B57684 /* imageWaiting@2x.png in Resources */,
				D0C627E816B1032200B57684 /* imageZoomBg@2x.png in Resources */,
				D0C627EA16B122FC00B57684 /* recipeTableViewBg.png in Resources */,
				D0C627F016B1310300B57684 /* restaurantTableHeadBg@2x.png in Resources */,
				D085E04316B3A25300CD08AE /* alertViewBg@2x.png in Resources */,
				D085E04A16B3B7CF00CD08AE /* codeScanBtn@2x.png in Resources */,
				D085E04C16B3C04800CD08AE /* alertYesNoBtn@2x.png in Resources */,
				D085E10916B403A100CD08AE /* zbar-back.png in Resources */,
				D085E10A16B403A100CD08AE /* zbar-help.html in Resources */,
				D085E10B16B403A100CD08AE /* zbar-helpicons.png in Resources */,
				D085E10C16B403A100CD08AE /* zbar-samples.png in Resources */,
				D0E4D55316B4D9CA0030BEBD /* removeRecipeBtn@2x.png in Resources */,
				D0E4D55416B4D9CA0030BEBD /* addRecipeBtn@2x.png in Resources */,
				D0F3514D16CE27F900C327C9 /* refreshOrder.png in Resources */,
				D084CB7E16DE63260076D74F /* labelCount@2x.png in Resources */,
				D07201ED16E16D5900DD5636 /* categoryTableViewBg@2x.png in Resources */,
				D07201F116E1919900DD5636 /* categoryTablecellSelectBg@2x.png in Resources */,
				D049A92116E6F6A500A068D6 /* appIcon@2x.png in Resources */,
				D0C4E2E416EE0C2100DDA0AC /* searchResultCellBg.png in Resources */,
				D01FDC9C16EF9D1000B14827 /* navRightBtnHL.png in Resources */,
			);
			runOnlyForDeploymentPostprocessing = 0;
		};
/* End PBXResourcesBuildPhase section */

/* Begin PBXSourcesBuildPhase section */
		D0B1E19F1692DAAE00FF07FC /* Sources */ = {
			isa = PBXSourcesBuildPhase;
			buildActionMask = 2147483647;
			files = (
				D0B1E1B41692DAAE00FF07FC /* main.m in Sources */,
				D0B1E1E01692DB6D00FF07FC /* AppDelegate.m in Sources */,
				D08D188D1696899D00398B90 /* MyTabBarController.m in Sources */,
				D08D189016968A6300398B90 /* TabView.m in Sources */,
				D003EED316A566E90082B35C /* UINavigationBar+Customized.m in Sources */,
				D003EED616A567130082B35C /* MyNavigationBar.m in Sources */,
				D0F8DEB316A57E9C0043160A /* FoodListController.m in Sources */,
				D0F8DEB616A57EDB0043160A /* OrderListController.m in Sources */,
				D0F8DEB916A57EFB0043160A /* RestaurantController.mm in Sources */,
				D0F8DEBC16A57F050043160A /* MainViewController.m in Sources */,
				D0F8DEE016A584C60043160A /* AFHTTPClient.m in Sources */,
				D0F8DEE116A584C60043160A /* AFHTTPRequestOperation.m in Sources */,
				D0F8DEE216A584C60043160A /* AFImageRequestOperation.m in Sources */,
				D0F8DEE316A584C60043160A /* AFJSONRequestOperation.m in Sources */,
				D0F8DEE516A584C60043160A /* AFNetworkActivityIndicatorManager.m in Sources */,
				D0F8DEE616A584C60043160A /* AFPropertyListRequestOperation.m in Sources */,
				D0F8DEE716A584C60043160A /* AFURLConnectionOperation.m in Sources */,
				D0F8DEE816A584C60043160A /* AFXMLRequestOperation.m in Sources */,
				D0F8DEE916A584C60043160A /* UIImageView+AFNetworking.m in Sources */,
				D0F8DEEC16A584F60043160A /* AFRestAPIClient.m in Sources */,
				D04D2F3B16A592DD00CB10D2 /* Restaurant.m in Sources */,
				D05537A916A6B3AE00160BB7 /* RestaurantUser.m in Sources */,
				D003234616AF73BA00F4DABB /* Category.m in Sources */,
				D003234916AF807F00F4DABB /* Recipe.m in Sources */,
				D003236C16AFC8C900F4DABB /* RecipeTableViewCell.m in Sources */,
				D0DB06A116B2846C0071945A /* Order.m in Sources */,
				D0DB06A516B2872A0071945A /* Desk.m in Sources */,
				D0DB06AC16B29C5F0071945A /* OrderItem.m in Sources */,
				D04852DC16B364C300A6A097 /* TextAlertView.m in Sources */,
				D085E11516B40D1600CD08AE /* MyZBarReaderViewController.m in Sources */,
				D084CB7A16DE58CF0076D74F /* BadgeButton.m in Sources */,
				D0E5ED8E16E01428003F6F8F /* CategoryTableViewController.m in Sources */,
				D0F7858616E2FAE900F074BB /* WaiterViewController.m in Sources */,
				D0D389DE16E4791C0036F2D6 /* MyAlertView.m in Sources */,
				D0A78A9216EDA027004123B9 /* RecipeSearchControllerViewController.m in Sources */,
				D018C67216EF714F001EB2C9 /* MyBMKPointAnnotation.m in Sources */,
				D01FDC9A16EF87DF00B14827 /* RestaurantResultController.m in Sources */,
			);
			runOnlyForDeploymentPostprocessing = 0;
		};
/* End PBXSourcesBuildPhase section */

/* Begin PBXVariantGroup section */
		D0B1E1B01692DAAE00FF07FC /* InfoPlist.strings */ = {
			isa = PBXVariantGroup;
			children = (
				D0B1E1B11692DAAE00FF07FC /* en */,
			);
			name = InfoPlist.strings;
			sourceTree = "<group>";
		};
/* End PBXVariantGroup section */

/* Begin XCBuildConfiguration section */
		D0B1E1D31692DAAE00FF07FC /* Debug */ = {
			isa = XCBuildConfiguration;
			buildSettings = {
				ALWAYS_SEARCH_USER_PATHS = NO;
				CLANG_CXX_LANGUAGE_STANDARD = "gnu++0x";
				CLANG_CXX_LIBRARY = "libc++";
				CLANG_WARN_EMPTY_BODY = YES;
				CLANG_WARN__DUPLICATE_METHOD_MATCH = YES;
				CODE_SIGN_IDENTITY = "iPhone Developer";
				"CODE_SIGN_IDENTITY[sdk=iphoneos*]" = "iPhone Developer: FEI ZHAO (6Q629F22TZ)";
				COPY_PHASE_STRIP = NO;
				GCC_C_LANGUAGE_STANDARD = gnu99;
				GCC_DYNAMIC_NO_PIC = NO;
				GCC_INPUT_FILETYPE = automatic;
				GCC_OPTIMIZATION_LEVEL = 0;
				GCC_PREPROCESSOR_DEFINITIONS = (
					"DEBUG=1",
					"$(inherited)",
				);
				GCC_SYMBOLS_PRIVATE_EXTERN = NO;
				GCC_WARN_ABOUT_RETURN_TYPE = YES;
				GCC_WARN_UNINITIALIZED_AUTOS = YES;
				GCC_WARN_UNUSED_VARIABLE = YES;
				IPHONEOS_DEPLOYMENT_TARGET = 5.0;
				LIBRARY_SEARCH_PATHS = (
					"\"$(SRCROOT)/iPhoneDianCan/libs/Release$(EFFECTIVE_PLATFORM_NAME)\"",
					"/Users/liwei/dev/iPhoneDianCan/iPhoneDianCan/iPhoneDianCan/libs/Release-iphonesimulator",
					"\"$(SRCROOT)/iPhoneDianCan/ZBarSDK\"",
				);
				ONLY_ACTIVE_ARCH = YES;
				OTHER_LDFLAGS = (
					"-lbaidumapapi",
					"-all_load",
					"-w",
				);
				PROVISIONING_PROFILE = "";
				"PROVISIONING_PROFILE[sdk=iphoneos*]" = "609E92F8-1EE2-498F-A956-44870B94013C";
				SDKROOT = iphoneos;
				VALID_ARCHS = armv7;
			};
			name = Debug;
		};
		D0B1E1D41692DAAE00FF07FC /* Release */ = {
			isa = XCBuildConfiguration;
			buildSettings = {
				ALWAYS_SEARCH_USER_PATHS = NO;
				CLANG_CXX_LANGUAGE_STANDARD = "gnu++0x";
				CLANG_CXX_LIBRARY = "libc++";
				CLANG_WARN_EMPTY_BODY = YES;
				CLANG_WARN__DUPLICATE_METHOD_MATCH = YES;
				CODE_SIGN_IDENTITY = "iPhone Developer";
				"CODE_SIGN_IDENTITY[sdk=iphoneos*]" = "iPhone Developer: FEI ZHAO (6Q629F22TZ)";
				COPY_PHASE_STRIP = YES;
				GCC_C_LANGUAGE_STANDARD = gnu99;
				GCC_INPUT_FILETYPE = automatic;
				GCC_WARN_ABOUT_RETURN_TYPE = YES;
				GCC_WARN_UNINITIALIZED_AUTOS = YES;
				GCC_WARN_UNUSED_VARIABLE = YES;
				IPHONEOS_DEPLOYMENT_TARGET = 5.0;
				LIBRARY_SEARCH_PATHS = (
					"\"$(SRCROOT)/iPhoneDianCan/libs/Release$(EFFECTIVE_PLATFORM_NAME)\"",
					"/Users/liwei/dev/iPhoneDianCan/iPhoneDianCan/iPhoneDianCan/libs/Release-iphonesimulator",
					"\"$(SRCROOT)/iPhoneDianCan/ZBarSDK\"",
				);
				ONLY_ACTIVE_ARCH = YES;
				OTHER_CFLAGS = "-DNS_BLOCK_ASSERTIONS=1";
				OTHER_LDFLAGS = (
					"-lbaidumapapi",
					"-all_load",
					"-w",
				);
				PROVISIONING_PROFILE = "";
				"PROVISIONING_PROFILE[sdk=iphoneos*]" = "609E92F8-1EE2-498F-A956-44870B94013C";
				SDKROOT = iphoneos;
				VALIDATE_PRODUCT = YES;
				VALID_ARCHS = armv7;
			};
			name = Release;
		};
		D0B1E1D61692DAAE00FF07FC /* Debug */ = {
			isa = XCBuildConfiguration;
			buildSettings = {
				ALWAYS_SEARCH_USER_PATHS = NO;
				CLANG_ENABLE_OBJC_ARC = NO;
				GCC_PRECOMPILE_PREFIX_HEADER = YES;
				GCC_PREFIX_HEADER = "iPhoneDianCan/iPhoneDianCan-Prefix.pch";
				INFOPLIST_FILE = "iPhoneDianCan/iPhoneDianCan-Info.plist";
				IPHONEOS_DEPLOYMENT_TARGET = 5.0;
				LIBRARY_SEARCH_PATHS = (
					"\"$(SRCROOT)/iPhoneDianCan/ZBarSDK\"",
					"$(inherited)",
				);
				PRODUCT_NAME = "淘吃客";
				VALID_ARCHS = armv7;
				WRAPPER_EXTENSION = app;
			};
			name = Debug;
		};
		D0B1E1D71692DAAE00FF07FC /* Release */ = {
			isa = XCBuildConfiguration;
			buildSettings = {
				ALWAYS_SEARCH_USER_PATHS = NO;
				CLANG_ENABLE_OBJC_ARC = NO;
				GCC_PRECOMPILE_PREFIX_HEADER = YES;
				GCC_PREFIX_HEADER = "iPhoneDianCan/iPhoneDianCan-Prefix.pch";
				INFOPLIST_FILE = "iPhoneDianCan/iPhoneDianCan-Info.plist";
				IPHONEOS_DEPLOYMENT_TARGET = 5.0;
				LIBRARY_SEARCH_PATHS = (
					"\"$(SRCROOT)/iPhoneDianCan/ZBarSDK\"",
					"$(inherited)",
				);
				PRODUCT_NAME = "淘吃客";
				VALID_ARCHS = armv7;
				WRAPPER_EXTENSION = app;
			};
			name = Release;
		};
/* End XCBuildConfiguration section */

/* Begin XCConfigurationList section */
		D0B1E19D1692DAAE00FF07FC /* Build configuration list for PBXProject "iPhoneDianCan" */ = {
			isa = XCConfigurationList;
			buildConfigurations = (
				D0B1E1D31692DAAE00FF07FC /* Debug */,
				D0B1E1D41692DAAE00FF07FC /* Release */,
			);
			defaultConfigurationIsVisible = 0;
			defaultConfigurationName = Release;
		};
		D0B1E1D51692DAAE00FF07FC /* Build configuration list for PBXNativeTarget "iPhoneDianCan" */ = {
			isa = XCConfigurationList;
			buildConfigurations = (
				D0B1E1D61692DAAE00FF07FC /* Debug */,
				D0B1E1D71692DAAE00FF07FC /* Release */,
			);
			defaultConfigurationIsVisible = 0;
			defaultConfigurationName = Release;
		};
/* End XCConfigurationList section */
	};
	rootObject = D0B1E19A1692DAAE00FF07FC /* Project object */;
}
